// !$*UTF8*$!
{
	archiveVersion = 1;
	classes = {
	};
	objectVersion = 56;
	objects = {

/* Begin PBXBuildFile section */
		03CD144B6581678FF6742F6D /* Pods_WhatsAppBackUoTests.framework in Frameworks */ = {isa = PBXBuildFile; fileRef = B90905559B8D9ECA0CDEBCEE /* Pods_WhatsAppBackUoTests.framework */; };
		7401C7002D087E980048A2B2 /* NoContentView.swift in Sources */ = {isa = PBXBuildFile; fileRef = 7401C6FF2D087E980048A2B2 /* NoContentView.swift */; };
		7401C7032D0886FA0048A2B2 /* ChatsPresenter.swift in Sources */ = {isa = PBXBuildFile; fileRef = 7401C7022D0886FA0048A2B2 /* ChatsPresenter.swift */; };
		7401C7072D08BDC40048A2B2 /* ChatList.swift in Sources */ = {isa = PBXBuildFile; fileRef = 7401C7062D08BDC40048A2B2 /* ChatList.swift */; };
		7401C70A2D08BE920048A2B2 /* ChatListCell.swift in Sources */ = {isa = PBXBuildFile; fileRef = 7401C7092D08BE920048A2B2 /* ChatListCell.swift */; };
		7401C70C2D08BEC80048A2B2 /* ExtCell.swift in Sources */ = {isa = PBXBuildFile; fileRef = 7401C70B2D08BEC80048A2B2 /* ExtCell.swift */; };
		7401C70E2D08C0950048A2B2 /* Model.swift in Sources */ = {isa = PBXBuildFile; fileRef = 7401C70D2D08C0950048A2B2 /* Model.swift */; };
		7401C7142D08C3EF0048A2B2 /* DataFromWhatsUP.swift in Sources */ = {isa = PBXBuildFile; fileRef = 7401C7132D08C3EF0048A2B2 /* DataFromWhatsUP.swift */; };
		7401C7162D08C6260048A2B2 /* DbRequests.swift in Sources */ = {isa = PBXBuildFile; fileRef = 7401C7152D08C6260048A2B2 /* DbRequests.swift */; };
		7401C7192D08D6730048A2B2 /* DialogueList.xcdatamodeld in Sources */ = {isa = PBXBuildFile; fileRef = 7401C7172D08D6730048A2B2 /* DialogueList.xcdatamodeld */; };
		7401C7662D08DFEE0048A2B2 /* Message+CoreDataClass.swift in Sources */ = {isa = PBXBuildFile; fileRef = 7401C7622D08DFEE0048A2B2 /* Message+CoreDataClass.swift */; };
		7401C7672D08DFEE0048A2B2 /* Message+CoreDataProperties.swift in Sources */ = {isa = PBXBuildFile; fileRef = 7401C7632D08DFEE0048A2B2 /* Message+CoreDataProperties.swift */; };
		7401C7682D08DFEE0048A2B2 /* Dialogue+CoreDataClass.swift in Sources */ = {isa = PBXBuildFile; fileRef = 7401C7642D08DFEE0048A2B2 /* Dialogue+CoreDataClass.swift */; };
		7401C7692D08DFEE0048A2B2 /* Dialogue+CoreDataProperties.swift in Sources */ = {isa = PBXBuildFile; fileRef = 7401C7652D08DFEE0048A2B2 /* Dialogue+CoreDataProperties.swift */; };
		7401C76B2D08EEA30048A2B2 /* ExtView.swift in Sources */ = {isa = PBXBuildFile; fileRef = 7401C76A2D08EEA30048A2B2 /* ExtView.swift */; };
		7401C76E2D08F2ED0048A2B2 /* DialogueVC.swift in Sources */ = {isa = PBXBuildFile; fileRef = 7401C76D2D08F2ED0048A2B2 /* DialogueVC.swift */; };
		7401C7702D08FBFC0048A2B2 /* DateFormater.swift in Sources */ = {isa = PBXBuildFile; fileRef = 7401C76F2D08FBFC0048A2B2 /* DateFormater.swift */; };
		7401C7732D09BD110048A2B2 /* DialogueCollection.swift in Sources */ = {isa = PBXBuildFile; fileRef = 7401C7722D09BD110048A2B2 /* DialogueCollection.swift */; };
		7401C7752D09BDD00048A2B2 /* MessageCell.swift in Sources */ = {isa = PBXBuildFile; fileRef = 7401C7742D09BDD00048A2B2 /* MessageCell.swift */; };
		7401C7772D09C59E0048A2B2 /* MessageView.swift in Sources */ = {isa = PBXBuildFile; fileRef = 7401C7762D09C59E0048A2B2 /* MessageView.swift */; };
		7401C77B2D09D82B0048A2B2 /* GalleryCell.swift in Sources */ = {isa = PBXBuildFile; fileRef = 7401C77A2D09D82B0048A2B2 /* GalleryCell.swift */; };
		7401C77D2D09DA4E0048A2B2 /* GalleryPresenter.swift in Sources */ = {isa = PBXBuildFile; fileRef = 7401C77C2D09DA4E0048A2B2 /* GalleryPresenter.swift */; };
		742E00092CFF98FC00DE61C9 /* VcWithBackGround.swift in Sources */ = {isa = PBXBuildFile; fileRef = 742E00082CFF98FC00DE61C9 /* VcWithBackGround.swift */; };
		742E000B2CFF994800DE61C9 /* ExtViewCreator.swift in Sources */ = {isa = PBXBuildFile; fileRef = 742E000A2CFF994800DE61C9 /* ExtViewCreator.swift */; };
		742E00152CFF9A9500DE61C9 /* LocFunc.swift in Sources */ = {isa = PBXBuildFile; fileRef = 742E00142CFF9A9500DE61C9 /* LocFunc.swift */; };
		742E00172CFF9C1E00DE61C9 /* ChatsVC.swift in Sources */ = {isa = PBXBuildFile; fileRef = 742E00162CFF9C1E00DE61C9 /* ChatsVC.swift */; };
		742E00192CFF9C2900DE61C9 /* GalleryVC.swift in Sources */ = {isa = PBXBuildFile; fileRef = 742E00182CFF9C2900DE61C9 /* GalleryVC.swift */; };
		742E001B2CFF9C3500DE61C9 /* DocumentsVC.swift in Sources */ = {isa = PBXBuildFile; fileRef = 742E001A2CFF9C3500DE61C9 /* DocumentsVC.swift */; };
		742E001D2CFF9C3E00DE61C9 /* SettingsVC.swift in Sources */ = {isa = PBXBuildFile; fileRef = 742E001C2CFF9C3E00DE61C9 /* SettingsVC.swift */; };
		742E002A2CFF9CE100DE61C9 /* Poppins-Bold.ttf in Resources */ = {isa = PBXBuildFile; fileRef = 742E001F2CFF9CE000DE61C9 /* Poppins-Bold.ttf */; };
		742E002B2CFF9CE100DE61C9 /* Poppins-SemiBold.ttf in Resources */ = {isa = PBXBuildFile; fileRef = 742E00202CFF9CE000DE61C9 /* Poppins-SemiBold.ttf */; };
		742E002C2CFF9CE100DE61C9 /* PollerOne-Regular.ttf in Resources */ = {isa = PBXBuildFile; fileRef = 742E00212CFF9CE000DE61C9 /* PollerOne-Regular.ttf */; };
		742E002D2CFF9CE100DE61C9 /* Gilroy-Semibold.ttf in Resources */ = {isa = PBXBuildFile; fileRef = 742E00222CFF9CE000DE61C9 /* Gilroy-Semibold.ttf */; };
		742E002E2CFF9CE100DE61C9 /* Gilroy-Bold.ttf in Resources */ = {isa = PBXBuildFile; fileRef = 742E00232CFF9CE000DE61C9 /* Gilroy-Bold.ttf */; };
		742E002F2CFF9CE100DE61C9 /* Gilroy-Extrabold.ttf in Resources */ = {isa = PBXBuildFile; fileRef = 742E00242CFF9CE000DE61C9 /* Gilroy-Extrabold.ttf */; };
		742E00302CFF9CE100DE61C9 /* Poppins-Regular.ttf in Resources */ = {isa = PBXBuildFile; fileRef = 742E00252CFF9CE000DE61C9 /* Poppins-Regular.ttf */; };
		742E00312CFF9CE100DE61C9 /* Gilroy-Thin.ttf in Resources */ = {isa = PBXBuildFile; fileRef = 742E00262CFF9CE000DE61C9 /* Gilroy-Thin.ttf */; };
		742E00322CFF9CE100DE61C9 /* Poppins-Medium.ttf in Resources */ = {isa = PBXBuildFile; fileRef = 742E00272CFF9CE100DE61C9 /* Poppins-Medium.ttf */; };
		742E00332CFF9CE100DE61C9 /* Gilroy-Regular.ttf in Resources */ = {isa = PBXBuildFile; fileRef = 742E00282CFF9CE100DE61C9 /* Gilroy-Regular.ttf */; };
		742E00342CFF9CE100DE61C9 /* Gilroy-Black.ttf in Resources */ = {isa = PBXBuildFile; fileRef = 742E00292CFF9CE100DE61C9 /* Gilroy-Black.ttf */; };
		742E00362CFF9CF300DE61C9 /* ExtFont.swift in Sources */ = {isa = PBXBuildFile; fileRef = 742E00352CFF9CF300DE61C9 /* ExtFont.swift */; };
		742E00382CFFA00300DE61C9 /* Coordiantor.swift in Sources */ = {isa = PBXBuildFile; fileRef = 742E00372CFFA00300DE61C9 /* Coordiantor.swift */; };
		742E003A2CFFA1D900DE61C9 /* ExtColors.swift in Sources */ = {isa = PBXBuildFile; fileRef = 742E00392CFFA1D900DE61C9 /* ExtColors.swift */; };
		742E003E2CFFAEB000DE61C9 /* TopElement.swift in Sources */ = {isa = PBXBuildFile; fileRef = 742E003D2CFFAEB000DE61C9 /* TopElement.swift */; };
		742E00462CFFBDA500DE61C9 /* ChatsRouter.swift in Sources */ = {isa = PBXBuildFile; fileRef = 742E00452CFFBDA500DE61C9 /* ChatsRouter.swift */; };
		742E00482CFFBFE800DE61C9 /* LoaderVC.swift in Sources */ = {isa = PBXBuildFile; fileRef = 742E00472CFFBFE800DE61C9 /* LoaderVC.swift */; };
		742E004A2CFFC10000DE61C9 /* LoaderView.swift in Sources */ = {isa = PBXBuildFile; fileRef = 742E00492CFFC10000DE61C9 /* LoaderView.swift */; };
		742E004D2CFFC97000DE61C9 /* LockScreenVC.swift in Sources */ = {isa = PBXBuildFile; fileRef = 742E004C2CFFC97000DE61C9 /* LockScreenVC.swift */; };
		742EFFCA2CFF958800DE61C9 /* AppDelegate.swift in Sources */ = {isa = PBXBuildFile; fileRef = 742EFFC92CFF958800DE61C9 /* AppDelegate.swift */; };
		742EFFCC2CFF958800DE61C9 /* SceneDelegate.swift in Sources */ = {isa = PBXBuildFile; fileRef = 742EFFCB2CFF958800DE61C9 /* SceneDelegate.swift */; };
		742EFFD32CFF958900DE61C9 /* Assets.xcassets in Resources */ = {isa = PBXBuildFile; fileRef = 742EFFD22CFF958900DE61C9 /* Assets.xcassets */; };
		742EFFD62CFF958900DE61C9 /* Base in Resources */ = {isa = PBXBuildFile; fileRef = 742EFFD52CFF958900DE61C9 /* Base */; };
		7448BF392D071D500037350B /* LockView.swift in Sources */ = {isa = PBXBuildFile; fileRef = 7448BF382D071D500037350B /* LockView.swift */; };
		7448BF3B2D072E770037350B /* LockTab.swift in Sources */ = {isa = PBXBuildFile; fileRef = 7448BF3A2D072E770037350B /* LockTab.swift */; };
		7462F72A2D174715006ADF8D /* SnapKit in Frameworks */ = {isa = PBXBuildFile; productRef = 7462F7292D174715006ADF8D /* SnapKit */; };
		7462F72D2D174731006ADF8D /* ZIPFoundation in Frameworks */ = {isa = PBXBuildFile; productRef = 7462F72C2D174731006ADF8D /* ZIPFoundation */; };
		7462F73F2D174D36006ADF8D /* Pods_WhatsAppBackUo.framework in Frameworks */ = {isa = PBXBuildFile; fileRef = 7462F73E2D174D36006ADF8D /* Pods_WhatsAppBackUo.framework */; };
		7462F7462D174FD4006ADF8D /* ffmpegkit.xcframework in Frameworks */ = {isa = PBXBuildFile; fileRef = 7462F7312D174B41006ADF8D /* ffmpegkit.xcframework */; };
		7462F7472D174FD4006ADF8D /* ffmpegkit.xcframework in Embed Frameworks */ = {isa = PBXBuildFile; fileRef = 7462F7312D174B41006ADF8D /* ffmpegkit.xcframework */; settings = {ATTRIBUTES = (CodeSignOnCopy, RemoveHeadersOnCopy, ); }; };
		7462F74A2D175224006ADF8D /* libavcodec.xcframework in Frameworks */ = {isa = PBXBuildFile; fileRef = 7462F7492D175224006ADF8D /* libavcodec.xcframework */; };
		7462F74B2D175224006ADF8D /* libavcodec.xcframework in Embed Frameworks */ = {isa = PBXBuildFile; fileRef = 7462F7492D175224006ADF8D /* libavcodec.xcframework */; settings = {ATTRIBUTES = (CodeSignOnCopy, RemoveHeadersOnCopy, ); }; };
		7462F7522D175240006ADF8D /* libavdevice.xcframework in Frameworks */ = {isa = PBXBuildFile; fileRef = 7462F74C2D175240006ADF8D /* libavdevice.xcframework */; };
		7462F7532D175240006ADF8D /* libavdevice.xcframework in Embed Frameworks */ = {isa = PBXBuildFile; fileRef = 7462F74C2D175240006ADF8D /* libavdevice.xcframework */; settings = {ATTRIBUTES = (CodeSignOnCopy, RemoveHeadersOnCopy, ); }; };
		7462F7542D175240006ADF8D /* libavfilter.xcframework in Frameworks */ = {isa = PBXBuildFile; fileRef = 7462F74D2D175240006ADF8D /* libavfilter.xcframework */; };
		7462F7552D175240006ADF8D /* libavfilter.xcframework in Embed Frameworks */ = {isa = PBXBuildFile; fileRef = 7462F74D2D175240006ADF8D /* libavfilter.xcframework */; settings = {ATTRIBUTES = (CodeSignOnCopy, RemoveHeadersOnCopy, ); }; };
		7462F7562D175240006ADF8D /* libavformat.xcframework in Frameworks */ = {isa = PBXBuildFile; fileRef = 7462F74E2D175240006ADF8D /* libavformat.xcframework */; };
		7462F7572D175240006ADF8D /* libavformat.xcframework in Embed Frameworks */ = {isa = PBXBuildFile; fileRef = 7462F74E2D175240006ADF8D /* libavformat.xcframework */; settings = {ATTRIBUTES = (CodeSignOnCopy, RemoveHeadersOnCopy, ); }; };
		7462F7582D175240006ADF8D /* libavutil.xcframework in Frameworks */ = {isa = PBXBuildFile; fileRef = 7462F74F2D175240006ADF8D /* libavutil.xcframework */; };
		7462F7592D175240006ADF8D /* libavutil.xcframework in Embed Frameworks */ = {isa = PBXBuildFile; fileRef = 7462F74F2D175240006ADF8D /* libavutil.xcframework */; settings = {ATTRIBUTES = (CodeSignOnCopy, RemoveHeadersOnCopy, ); }; };
		7462F75A2D175240006ADF8D /* libswresample.xcframework in Frameworks */ = {isa = PBXBuildFile; fileRef = 7462F7502D175240006ADF8D /* libswresample.xcframework */; };
		7462F75B2D175240006ADF8D /* libswresample.xcframework in Embed Frameworks */ = {isa = PBXBuildFile; fileRef = 7462F7502D175240006ADF8D /* libswresample.xcframework */; settings = {ATTRIBUTES = (CodeSignOnCopy, RemoveHeadersOnCopy, ); }; };
		7462F75C2D175240006ADF8D /* libswscale.xcframework in Frameworks */ = {isa = PBXBuildFile; fileRef = 7462F7512D175240006ADF8D /* libswscale.xcframework */; };
		7462F75D2D175240006ADF8D /* libswscale.xcframework in Embed Frameworks */ = {isa = PBXBuildFile; fileRef = 7462F7512D175240006ADF8D /* libswscale.xcframework */; settings = {ATTRIBUTES = (CodeSignOnCopy, RemoveHeadersOnCopy, ); }; };
		7462F75F2D185C89006ADF8D /* ExtDeviceType.swift in Sources */ = {isa = PBXBuildFile; fileRef = 7462F75E2D185C89006ADF8D /* ExtDeviceType.swift */; };
		7462F7612D18619C006ADF8D /* BtnMine.swift in Sources */ = {isa = PBXBuildFile; fileRef = 7462F7602D18619C006ADF8D /* BtnMine.swift */; };
		7462F7652D187608006ADF8D /* QrVC.swift in Sources */ = {isa = PBXBuildFile; fileRef = 7462F7642D187607006ADF8D /* QrVC.swift */; };
		7462F7672D18794D006ADF8D /* UserScript.js in Resources */ = {isa = PBXBuildFile; fileRef = 7462F7662D18794D006ADF8D /* UserScript.js */; };
		7462F76C2D18B2C8006ADF8D /* CustomTabItemView.swift in Sources */ = {isa = PBXBuildFile; fileRef = 7462F7682D18B2C8006ADF8D /* CustomTabItemView.swift */; };
		7462F76D2D18B2C8006ADF8D /* CustomTabBarVC.swift in Sources */ = {isa = PBXBuildFile; fileRef = 7462F7692D18B2C8006ADF8D /* CustomTabBarVC.swift */; };
		7462F76E2D18B2C8006ADF8D /* CustomTabBarItem.swift in Sources */ = {isa = PBXBuildFile; fileRef = 7462F76A2D18B2C8006ADF8D /* CustomTabBarItem.swift */; };
		7462F76F2D18B2C8006ADF8D /* CustomTabBar.swift in Sources */ = {isa = PBXBuildFile; fileRef = 7462F76B2D18B2C8006ADF8D /* CustomTabBar.swift */; };
		7462F7712D18B337006ADF8D /* ExtTabBar.swift in Sources */ = {isa = PBXBuildFile; fileRef = 7462F7702D18B336006ADF8D /* ExtTabBar.swift */; };
		747A0B212D1030A40049F8B7 /* SceneManager.swift in Sources */ = {isa = PBXBuildFile; fileRef = 747A0B202D1030A40049F8B7 /* SceneManager.swift */; };
		747A0B242D10398F0049F8B7 /* ChatMediaVC.swift in Sources */ = {isa = PBXBuildFile; fileRef = 747A0B232D10398F0049F8B7 /* ChatMediaVC.swift */; };
		747A0B262D103A150049F8B7 /* ChatMediaCell.swift in Sources */ = {isa = PBXBuildFile; fileRef = 747A0B252D103A150049F8B7 /* ChatMediaCell.swift */; };
		747A0B282D103B150049F8B7 /* UniversalFormatView.swift in Sources */ = {isa = PBXBuildFile; fileRef = 747A0B272D103B150049F8B7 /* UniversalFormatView.swift */; };
		747A0B2A2D1051FD0049F8B7 /* GalleryRouter.swift in Sources */ = {isa = PBXBuildFile; fileRef = 747A0B292D1051FD0049F8B7 /* GalleryRouter.swift */; };
		747A0B2D2D10AAF60049F8B7 /* MediaVC.swift in Sources */ = {isa = PBXBuildFile; fileRef = 747A0B2C2D10AAF60049F8B7 /* MediaVC.swift */; };
		747A0B2F2D10AE310049F8B7 /* MediaPlayerView.swift in Sources */ = {isa = PBXBuildFile; fileRef = 747A0B2E2D10AE310049F8B7 /* MediaPlayerView.swift */; };
		749BAF692D1180E000C015F4 /* ExtNotification.swift in Sources */ = {isa = PBXBuildFile; fileRef = 749BAF682D1180E000C015F4 /* ExtNotification.swift */; };
		749BAF6B2D1182C000C015F4 /* DocumentsPresenter.swift in Sources */ = {isa = PBXBuildFile; fileRef = 749BAF6A2D1182C000C015F4 /* DocumentsPresenter.swift */; };
		749BAF6D2D1182C900C015F4 /* DocumentsRouter.swift in Sources */ = {isa = PBXBuildFile; fileRef = 749BAF6C2D1182C900C015F4 /* DocumentsRouter.swift */; };
		749BAF6F2D11D0E000C015F4 /* OnboardingVC.swift in Sources */ = {isa = PBXBuildFile; fileRef = 749BAF6E2D11D0E000C015F4 /* OnboardingVC.swift */; };
		749BAF712D11D40A00C015F4 /* OnboardingModel.swift in Sources */ = {isa = PBXBuildFile; fileRef = 749BAF702D11D40A00C015F4 /* OnboardingModel.swift */; };
		749BAF742D11D47D00C015F4 /* Localizable.strings in Resources */ = {isa = PBXBuildFile; fileRef = 749BAF722D11D47D00C015F4 /* Localizable.strings */; };
		749BAF762D11D59E00C015F4 /* PageView.swift in Sources */ = {isa = PBXBuildFile; fileRef = 749BAF752D11D59E00C015F4 /* PageView.swift */; };
		749BAF782D11D80800C015F4 /* BoardCell.swift in Sources */ = {isa = PBXBuildFile; fileRef = 749BAF772D11D80800C015F4 /* BoardCell.swift */; };
		749BAF7A2D11ECF100C015F4 /* BoardView.swift in Sources */ = {isa = PBXBuildFile; fileRef = 749BAF792D11ECF100C015F4 /* BoardView.swift */; };
		749BAF7D2D12235E00C015F4 /* MediaHorizontalCollection.swift in Sources */ = {isa = PBXBuildFile; fileRef = 749BAF7C2D12235E00C015F4 /* MediaHorizontalCollection.swift */; };
		749BAF7F2D12236F00C015F4 /* MediaCell.swift in Sources */ = {isa = PBXBuildFile; fileRef = 749BAF7E2D12236F00C015F4 /* MediaCell.swift */; };
		749BAF832D12CB1800C015F4 /* DocumentsModel.swift in Sources */ = {isa = PBXBuildFile; fileRef = 749BAF822D12CB1800C015F4 /* DocumentsModel.swift */; };
		749BAF852D12CB2800C015F4 /* GalleryModel.swift in Sources */ = {isa = PBXBuildFile; fileRef = 749BAF842D12CB2800C015F4 /* GalleryModel.swift */; };
		749BAF872D12CEE600C015F4 /* MediaView.swift in Sources */ = {isa = PBXBuildFile; fileRef = 749BAF862D12CEE600C015F4 /* MediaView.swift */; };
		749BAF892D12F6E000C015F4 /* SettingsRouter.swift in Sources */ = {isa = PBXBuildFile; fileRef = 749BAF882D12F6E000C015F4 /* SettingsRouter.swift */; };
		749BAF8B2D12FDDD00C015F4 /* GuideScreen.swift in Sources */ = {isa = PBXBuildFile; fileRef = 749BAF8A2D12FDDD00C015F4 /* GuideScreen.swift */; };
		749BAF8D2D13445200C015F4 /* CustomSearch.swift in Sources */ = {isa = PBXBuildFile; fileRef = 749BAF8C2D13445200C015F4 /* CustomSearch.swift */; };
		749BAF912D13769000C015F4 /* SettingsPresenter.swift in Sources */ = {isa = PBXBuildFile; fileRef = 749BAF902D13769000C015F4 /* SettingsPresenter.swift */; };
		749BAF932D137AF400C015F4 /* SettingsModel.swift in Sources */ = {isa = PBXBuildFile; fileRef = 749BAF922D137AF400C015F4 /* SettingsModel.swift */; };
		749BAF982D137DBC00C015F4 /* DocsCollectionCell.swift in Sources */ = {isa = PBXBuildFile; fileRef = 749BAF972D137DBC00C015F4 /* DocsCollectionCell.swift */; };
		749BAF9A2D1398FB00C015F4 /* DocsSoloVC.swift in Sources */ = {isa = PBXBuildFile; fileRef = 749BAF992D1398FB00C015F4 /* DocsSoloVC.swift */; };
		749BAFA22D1439B800C015F4 /* GoogleDriveAPI.swift in Sources */ = {isa = PBXBuildFile; fileRef = 749BAFA12D1439B800C015F4 /* GoogleDriveAPI.swift */; };
		749BAFA72D14450200C015F4 /* NoReachView.swift in Sources */ = {isa = PBXBuildFile; fileRef = 749BAFA62D14450200C015F4 /* NoReachView.swift */; };
		749BAFA92D1447A100C015F4 /* InternetChecker.swift in Sources */ = {isa = PBXBuildFile; fileRef = 749BAFA82D1447A100C015F4 /* InternetChecker.swift */; };
		749BAFAB2D14A49600C015F4 /* TImeLineView.swift in Sources */ = {isa = PBXBuildFile; fileRef = 749BAFAA2D14A49600C015F4 /* TImeLineView.swift */; };
		749BAFAD2D14A4BA00C015F4 /* BottomBarView.swift in Sources */ = {isa = PBXBuildFile; fileRef = 749BAFAC2D14A4BA00C015F4 /* BottomBarView.swift */; };
		749BAFAF2D15BD3C00C015F4 /* FullScreenVideo.swift in Sources */ = {isa = PBXBuildFile; fileRef = 749BAFAE2D15BD3C00C015F4 /* FullScreenVideo.swift */; };
		749BAFBA2D16FCAB00C015F4 /* MediaAudioPlayer.swift in Sources */ = {isa = PBXBuildFile; fileRef = 749BAFB92D16FCAB00C015F4 /* MediaAudioPlayer.swift */; };
		74A8B4EB2D0F111A00AAFE74 /* SettingsTable.swift in Sources */ = {isa = PBXBuildFile; fileRef = 74A8B4EA2D0F111A00AAFE74 /* SettingsTable.swift */; };
		7E267A0D808F95DCAC32F02B /* Pods_WhatsAppBackUo_WhatsAppBackUoUITests.framework in Frameworks */ = {isa = PBXBuildFile; fileRef = CD5CC74311BCA0C74BD387BC /* Pods_WhatsAppBackUo_WhatsAppBackUoUITests.framework */; };
/* End PBXBuildFile section */

/* Begin PBXContainerItemProxy section */
		742EFFDD2CFF958900DE61C9 /* PBXContainerItemProxy */ = {
			isa = PBXContainerItemProxy;
			containerPortal = 742EFFBE2CFF958800DE61C9 /* Project object */;
			proxyType = 1;
			remoteGlobalIDString = 742EFFC52CFF958800DE61C9;
			remoteInfo = WhatsAppBackUo;
		};
		742EFFE72CFF958900DE61C9 /* PBXContainerItemProxy */ = {
			isa = PBXContainerItemProxy;
			containerPortal = 742EFFBE2CFF958800DE61C9 /* Project object */;
			proxyType = 1;
			remoteGlobalIDString = 742EFFC52CFF958800DE61C9;
			remoteInfo = WhatsAppBackUo;
		};
/* End PBXContainerItemProxy section */

/* Begin PBXCopyFilesBuildPhase section */
		7462F7482D174FD4006ADF8D /* Embed Frameworks */ = {
			isa = PBXCopyFilesBuildPhase;
			buildActionMask = 12;
			dstPath = "";
			dstSubfolderSpec = 10;
			files = (
				7462F7472D174FD4006ADF8D /* ffmpegkit.xcframework in Embed Frameworks */,
				7462F7532D175240006ADF8D /* libavdevice.xcframework in Embed Frameworks */,
				7462F7552D175240006ADF8D /* libavfilter.xcframework in Embed Frameworks */,
				7462F74B2D175224006ADF8D /* libavcodec.xcframework in Embed Frameworks */,
				7462F7592D175240006ADF8D /* libavutil.xcframework in Embed Frameworks */,
				7462F7572D175240006ADF8D /* libavformat.xcframework in Embed Frameworks */,
				7462F75D2D175240006ADF8D /* libswscale.xcframework in Embed Frameworks */,
				7462F75B2D175240006ADF8D /* libswresample.xcframework in Embed Frameworks */,
			);
			name = "Embed Frameworks";
			runOnlyForDeploymentPostprocessing = 0;
		};
/* End PBXCopyFilesBuildPhase section */

/* Begin PBXFileReference section */
		038E2E8FFE74AD311D686AAA /* Pods-WhatsAppBackUo-WhatsAppBackUoUITests.release.xcconfig */ = {isa = PBXFileReference; includeInIndex = 1; lastKnownFileType = text.xcconfig; name = "Pods-WhatsAppBackUo-WhatsAppBackUoUITests.release.xcconfig"; path = "Target Support Files/Pods-WhatsAppBackUo-WhatsAppBackUoUITests/Pods-WhatsAppBackUo-WhatsAppBackUoUITests.release.xcconfig"; sourceTree = "<group>"; };
		3BA5C8F1E34C3FD6D3CD53D0 /* Pods-WhatsAppBackUoTests.debug.xcconfig */ = {isa = PBXFileReference; includeInIndex = 1; lastKnownFileType = text.xcconfig; name = "Pods-WhatsAppBackUoTests.debug.xcconfig"; path = "Target Support Files/Pods-WhatsAppBackUoTests/Pods-WhatsAppBackUoTests.debug.xcconfig"; sourceTree = "<group>"; };
		44A113E911A8FB38D6CF1AEA /* Pods_WhatsAppBackUo.framework */ = {isa = PBXFileReference; explicitFileType = wrapper.framework; includeInIndex = 0; path = Pods_WhatsAppBackUo.framework; sourceTree = BUILT_PRODUCTS_DIR; };
		5632B2DB2478C765F978BD64 /* Pods-WhatsAppBackUo.release.xcconfig */ = {isa = PBXFileReference; includeInIndex = 1; lastKnownFileType = text.xcconfig; name = "Pods-WhatsAppBackUo.release.xcconfig"; path = "Target Support Files/Pods-WhatsAppBackUo/Pods-WhatsAppBackUo.release.xcconfig"; sourceTree = "<group>"; };
		7401C6FF2D087E980048A2B2 /* NoContentView.swift */ = {isa = PBXFileReference; lastKnownFileType = sourcecode.swift; path = NoContentView.swift; sourceTree = "<group>"; };
		7401C7022D0886FA0048A2B2 /* ChatsPresenter.swift */ = {isa = PBXFileReference; lastKnownFileType = sourcecode.swift; path = ChatsPresenter.swift; sourceTree = "<group>"; };
		7401C7062D08BDC40048A2B2 /* ChatList.swift */ = {isa = PBXFileReference; lastKnownFileType = sourcecode.swift; path = ChatList.swift; sourceTree = "<group>"; };
		7401C7092D08BE920048A2B2 /* ChatListCell.swift */ = {isa = PBXFileReference; lastKnownFileType = sourcecode.swift; path = ChatListCell.swift; sourceTree = "<group>"; };
		7401C70B2D08BEC80048A2B2 /* ExtCell.swift */ = {isa = PBXFileReference; lastKnownFileType = sourcecode.swift; path = ExtCell.swift; sourceTree = "<group>"; };
		7401C70D2D08C0950048A2B2 /* Model.swift */ = {isa = PBXFileReference; lastKnownFileType = sourcecode.swift; path = Model.swift; sourceTree = "<group>"; };
		7401C7132D08C3EF0048A2B2 /* DataFromWhatsUP.swift */ = {isa = PBXFileReference; lastKnownFileType = sourcecode.swift; path = DataFromWhatsUP.swift; sourceTree = "<group>"; };
		7401C7152D08C6260048A2B2 /* DbRequests.swift */ = {isa = PBXFileReference; lastKnownFileType = sourcecode.swift; path = DbRequests.swift; sourceTree = "<group>"; };
		7401C7182D08D6730048A2B2 /* Dialogue.xcdatamodel */ = {isa = PBXFileReference; lastKnownFileType = wrapper.xcdatamodel; path = Dialogue.xcdatamodel; sourceTree = "<group>"; };
		7401C7622D08DFEE0048A2B2 /* Message+CoreDataClass.swift */ = {isa = PBXFileReference; lastKnownFileType = sourcecode.swift; path = "Message+CoreDataClass.swift"; sourceTree = "<group>"; };
		7401C7632D08DFEE0048A2B2 /* Message+CoreDataProperties.swift */ = {isa = PBXFileReference; lastKnownFileType = sourcecode.swift; path = "Message+CoreDataProperties.swift"; sourceTree = "<group>"; };
		7401C7642D08DFEE0048A2B2 /* Dialogue+CoreDataClass.swift */ = {isa = PBXFileReference; lastKnownFileType = sourcecode.swift; path = "Dialogue+CoreDataClass.swift"; sourceTree = "<group>"; };
		7401C7652D08DFEE0048A2B2 /* Dialogue+CoreDataProperties.swift */ = {isa = PBXFileReference; lastKnownFileType = sourcecode.swift; path = "Dialogue+CoreDataProperties.swift"; sourceTree = "<group>"; };
		7401C76A2D08EEA30048A2B2 /* ExtView.swift */ = {isa = PBXFileReference; lastKnownFileType = sourcecode.swift; path = ExtView.swift; sourceTree = "<group>"; };
		7401C76D2D08F2ED0048A2B2 /* DialogueVC.swift */ = {isa = PBXFileReference; lastKnownFileType = sourcecode.swift; path = DialogueVC.swift; sourceTree = "<group>"; };
		7401C76F2D08FBFC0048A2B2 /* DateFormater.swift */ = {isa = PBXFileReference; lastKnownFileType = sourcecode.swift; path = DateFormater.swift; sourceTree = "<group>"; };
		7401C7722D09BD110048A2B2 /* DialogueCollection.swift */ = {isa = PBXFileReference; lastKnownFileType = sourcecode.swift; path = DialogueCollection.swift; sourceTree = "<group>"; };
		7401C7742D09BDD00048A2B2 /* MessageCell.swift */ = {isa = PBXFileReference; lastKnownFileType = sourcecode.swift; path = MessageCell.swift; sourceTree = "<group>"; };
		7401C7762D09C59E0048A2B2 /* MessageView.swift */ = {isa = PBXFileReference; lastKnownFileType = sourcecode.swift; path = MessageView.swift; sourceTree = "<group>"; };
		7401C77A2D09D82B0048A2B2 /* GalleryCell.swift */ = {isa = PBXFileReference; lastKnownFileType = sourcecode.swift; path = GalleryCell.swift; sourceTree = "<group>"; };
		7401C77C2D09DA4E0048A2B2 /* GalleryPresenter.swift */ = {isa = PBXFileReference; lastKnownFileType = sourcecode.swift; path = GalleryPresenter.swift; sourceTree = "<group>"; };
		742E00082CFF98FC00DE61C9 /* VcWithBackGround.swift */ = {isa = PBXFileReference; lastKnownFileType = sourcecode.swift; path = VcWithBackGround.swift; sourceTree = "<group>"; };
		742E000A2CFF994800DE61C9 /* ExtViewCreator.swift */ = {isa = PBXFileReference; lastKnownFileType = sourcecode.swift; path = ExtViewCreator.swift; sourceTree = "<group>"; };
		742E00142CFF9A9500DE61C9 /* LocFunc.swift */ = {isa = PBXFileReference; lastKnownFileType = sourcecode.swift; path = LocFunc.swift; sourceTree = "<group>"; };
		742E00162CFF9C1E00DE61C9 /* ChatsVC.swift */ = {isa = PBXFileReference; lastKnownFileType = sourcecode.swift; path = ChatsVC.swift; sourceTree = "<group>"; };
		742E00182CFF9C2900DE61C9 /* GalleryVC.swift */ = {isa = PBXFileReference; lastKnownFileType = sourcecode.swift; path = GalleryVC.swift; sourceTree = "<group>"; };
		742E001A2CFF9C3500DE61C9 /* DocumentsVC.swift */ = {isa = PBXFileReference; lastKnownFileType = sourcecode.swift; path = DocumentsVC.swift; sourceTree = "<group>"; };
		742E001C2CFF9C3E00DE61C9 /* SettingsVC.swift */ = {isa = PBXFileReference; lastKnownFileType = sourcecode.swift; path = SettingsVC.swift; sourceTree = "<group>"; };
		742E001F2CFF9CE000DE61C9 /* Poppins-Bold.ttf */ = {isa = PBXFileReference; lastKnownFileType = file; path = "Poppins-Bold.ttf"; sourceTree = "<group>"; };
		742E00202CFF9CE000DE61C9 /* Poppins-SemiBold.ttf */ = {isa = PBXFileReference; lastKnownFileType = file; path = "Poppins-SemiBold.ttf"; sourceTree = "<group>"; };
		742E00212CFF9CE000DE61C9 /* PollerOne-Regular.ttf */ = {isa = PBXFileReference; lastKnownFileType = file; path = "PollerOne-Regular.ttf"; sourceTree = "<group>"; };
		742E00222CFF9CE000DE61C9 /* Gilroy-Semibold.ttf */ = {isa = PBXFileReference; lastKnownFileType = file; path = "Gilroy-Semibold.ttf"; sourceTree = "<group>"; };
		742E00232CFF9CE000DE61C9 /* Gilroy-Bold.ttf */ = {isa = PBXFileReference; lastKnownFileType = file; path = "Gilroy-Bold.ttf"; sourceTree = "<group>"; };
		742E00242CFF9CE000DE61C9 /* Gilroy-Extrabold.ttf */ = {isa = PBXFileReference; lastKnownFileType = file; path = "Gilroy-Extrabold.ttf"; sourceTree = "<group>"; };
		742E00252CFF9CE000DE61C9 /* Poppins-Regular.ttf */ = {isa = PBXFileReference; lastKnownFileType = file; path = "Poppins-Regular.ttf"; sourceTree = "<group>"; };
		742E00262CFF9CE000DE61C9 /* Gilroy-Thin.ttf */ = {isa = PBXFileReference; lastKnownFileType = file; path = "Gilroy-Thin.ttf"; sourceTree = "<group>"; };
		742E00272CFF9CE100DE61C9 /* Poppins-Medium.ttf */ = {isa = PBXFileReference; lastKnownFileType = file; path = "Poppins-Medium.ttf"; sourceTree = "<group>"; };
		742E00282CFF9CE100DE61C9 /* Gilroy-Regular.ttf */ = {isa = PBXFileReference; lastKnownFileType = file; path = "Gilroy-Regular.ttf"; sourceTree = "<group>"; };
		742E00292CFF9CE100DE61C9 /* Gilroy-Black.ttf */ = {isa = PBXFileReference; lastKnownFileType = file; path = "Gilroy-Black.ttf"; sourceTree = "<group>"; };
		742E00352CFF9CF300DE61C9 /* ExtFont.swift */ = {isa = PBXFileReference; lastKnownFileType = sourcecode.swift; path = ExtFont.swift; sourceTree = "<group>"; };
		742E00372CFFA00300DE61C9 /* Coordiantor.swift */ = {isa = PBXFileReference; lastKnownFileType = sourcecode.swift; path = Coordiantor.swift; sourceTree = "<group>"; };
		742E00392CFFA1D900DE61C9 /* ExtColors.swift */ = {isa = PBXFileReference; lastKnownFileType = sourcecode.swift; path = ExtColors.swift; sourceTree = "<group>"; };
		742E003D2CFFAEB000DE61C9 /* TopElement.swift */ = {isa = PBXFileReference; lastKnownFileType = sourcecode.swift; path = TopElement.swift; sourceTree = "<group>"; };
		742E00452CFFBDA500DE61C9 /* ChatsRouter.swift */ = {isa = PBXFileReference; lastKnownFileType = sourcecode.swift; path = ChatsRouter.swift; sourceTree = "<group>"; };
		742E00472CFFBFE800DE61C9 /* LoaderVC.swift */ = {isa = PBXFileReference; lastKnownFileType = sourcecode.swift; path = LoaderVC.swift; sourceTree = "<group>"; };
		742E00492CFFC10000DE61C9 /* LoaderView.swift */ = {isa = PBXFileReference; lastKnownFileType = sourcecode.swift; path = LoaderView.swift; sourceTree = "<group>"; };
		742E004C2CFFC97000DE61C9 /* LockScreenVC.swift */ = {isa = PBXFileReference; lastKnownFileType = sourcecode.swift; path = LockScreenVC.swift; sourceTree = "<group>"; };
		742EFFC62CFF958800DE61C9 /* WhatsAppBackUo.app */ = {isa = PBXFileReference; explicitFileType = wrapper.application; includeInIndex = 0; path = WhatsAppBackUo.app; sourceTree = BUILT_PRODUCTS_DIR; };
		742EFFC92CFF958800DE61C9 /* AppDelegate.swift */ = {isa = PBXFileReference; lastKnownFileType = sourcecode.swift; path = AppDelegate.swift; sourceTree = "<group>"; };
		742EFFCB2CFF958800DE61C9 /* SceneDelegate.swift */ = {isa = PBXFileReference; lastKnownFileType = sourcecode.swift; path = SceneDelegate.swift; sourceTree = "<group>"; };
		742EFFD22CFF958900DE61C9 /* Assets.xcassets */ = {isa = PBXFileReference; lastKnownFileType = folder.assetcatalog; path = Assets.xcassets; sourceTree = "<group>"; };
		742EFFD52CFF958900DE61C9 /* Base */ = {isa = PBXFileReference; lastKnownFileType = file.storyboard; name = Base; path = Base.lproj/LaunchScreen.storyboard; sourceTree = "<group>"; };
		742EFFD72CFF958900DE61C9 /* Info.plist */ = {isa = PBXFileReference; lastKnownFileType = text.plist.xml; path = Info.plist; sourceTree = "<group>"; };
		742EFFDC2CFF958900DE61C9 /* WhatsAppBackUoTests.xctest */ = {isa = PBXFileReference; explicitFileType = wrapper.cfbundle; includeInIndex = 0; path = WhatsAppBackUoTests.xctest; sourceTree = BUILT_PRODUCTS_DIR; };
		742EFFE62CFF958900DE61C9 /* WhatsAppBackUoUITests.xctest */ = {isa = PBXFileReference; explicitFileType = wrapper.cfbundle; includeInIndex = 0; path = WhatsAppBackUoUITests.xctest; sourceTree = BUILT_PRODUCTS_DIR; };
		7448BF382D071D500037350B /* LockView.swift */ = {isa = PBXFileReference; lastKnownFileType = sourcecode.swift; path = LockView.swift; sourceTree = "<group>"; };
		7448BF3A2D072E770037350B /* LockTab.swift */ = {isa = PBXFileReference; lastKnownFileType = sourcecode.swift; path = LockTab.swift; sourceTree = "<group>"; };
		7462F7312D174B41006ADF8D /* ffmpegkit.xcframework */ = {isa = PBXFileReference; lastKnownFileType = wrapper.xcframework; name = ffmpegkit.xcframework; path = "Pods/ffmpeg-kit-ios-full/ffmpegkit.xcframework"; sourceTree = "<group>"; };
		7462F7372D174B86006ADF8D /* Pods_WhatsAppBackUo.framework */ = {isa = PBXFileReference; explicitFileType = wrapper.framework; path = Pods_WhatsAppBackUo.framework; sourceTree = BUILT_PRODUCTS_DIR; };
		7462F73B2D174BF7006ADF8D /* Pods_WhatsAppBackUo.framework */ = {isa = PBXFileReference; explicitFileType = wrapper.framework; path = Pods_WhatsAppBackUo.framework; sourceTree = BUILT_PRODUCTS_DIR; };
		7462F73E2D174D36006ADF8D /* Pods_WhatsAppBackUo.framework */ = {isa = PBXFileReference; explicitFileType = wrapper.framework; path = Pods_WhatsAppBackUo.framework; sourceTree = BUILT_PRODUCTS_DIR; };
		7462F7492D175224006ADF8D /* libavcodec.xcframework */ = {isa = PBXFileReference; lastKnownFileType = wrapper.xcframework; name = libavcodec.xcframework; path = "Pods/ffmpeg-kit-ios-full/libavcodec.xcframework"; sourceTree = "<group>"; };
		7462F74C2D175240006ADF8D /* libavdevice.xcframework */ = {isa = PBXFileReference; lastKnownFileType = wrapper.xcframework; name = libavdevice.xcframework; path = "Pods/ffmpeg-kit-ios-full/libavdevice.xcframework"; sourceTree = "<group>"; };
		7462F74D2D175240006ADF8D /* libavfilter.xcframework */ = {isa = PBXFileReference; lastKnownFileType = wrapper.xcframework; name = libavfilter.xcframework; path = "Pods/ffmpeg-kit-ios-full/libavfilter.xcframework"; sourceTree = "<group>"; };
		7462F74E2D175240006ADF8D /* libavformat.xcframework */ = {isa = PBXFileReference; lastKnownFileType = wrapper.xcframework; name = libavformat.xcframework; path = "Pods/ffmpeg-kit-ios-full/libavformat.xcframework"; sourceTree = "<group>"; };
		7462F74F2D175240006ADF8D /* libavutil.xcframework */ = {isa = PBXFileReference; lastKnownFileType = wrapper.xcframework; name = libavutil.xcframework; path = "Pods/ffmpeg-kit-ios-full/libavutil.xcframework"; sourceTree = "<group>"; };
		7462F7502D175240006ADF8D /* libswresample.xcframework */ = {isa = PBXFileReference; lastKnownFileType = wrapper.xcframework; name = libswresample.xcframework; path = "Pods/ffmpeg-kit-ios-full/libswresample.xcframework"; sourceTree = "<group>"; };
		7462F7512D175240006ADF8D /* libswscale.xcframework */ = {isa = PBXFileReference; lastKnownFileType = wrapper.xcframework; name = libswscale.xcframework; path = "Pods/ffmpeg-kit-ios-full/libswscale.xcframework"; sourceTree = "<group>"; };
		7462F75E2D185C89006ADF8D /* ExtDeviceType.swift */ = {isa = PBXFileReference; lastKnownFileType = sourcecode.swift; path = ExtDeviceType.swift; sourceTree = "<group>"; };
		7462F7602D18619C006ADF8D /* BtnMine.swift */ = {isa = PBXFileReference; lastKnownFileType = sourcecode.swift; path = BtnMine.swift; sourceTree = "<group>"; };
		7462F7642D187607006ADF8D /* QrVC.swift */ = {isa = PBXFileReference; lastKnownFileType = sourcecode.swift; path = QrVC.swift; sourceTree = "<group>"; };
		7462F7662D18794D006ADF8D /* UserScript.js */ = {isa = PBXFileReference; fileEncoding = 4; lastKnownFileType = sourcecode.javascript; path = UserScript.js; sourceTree = "<group>"; };
		7462F7682D18B2C8006ADF8D /* CustomTabItemView.swift */ = {isa = PBXFileReference; fileEncoding = 4; lastKnownFileType = sourcecode.swift; path = CustomTabItemView.swift; sourceTree = "<group>"; };
		7462F7692D18B2C8006ADF8D /* CustomTabBarVC.swift */ = {isa = PBXFileReference; fileEncoding = 4; lastKnownFileType = sourcecode.swift; path = CustomTabBarVC.swift; sourceTree = "<group>"; };
		7462F76A2D18B2C8006ADF8D /* CustomTabBarItem.swift */ = {isa = PBXFileReference; fileEncoding = 4; lastKnownFileType = sourcecode.swift; path = CustomTabBarItem.swift; sourceTree = "<group>"; };
		7462F76B2D18B2C8006ADF8D /* CustomTabBar.swift */ = {isa = PBXFileReference; fileEncoding = 4; lastKnownFileType = sourcecode.swift; path = CustomTabBar.swift; sourceTree = "<group>"; };
		7462F7702D18B336006ADF8D /* ExtTabBar.swift */ = {isa = PBXFileReference; fileEncoding = 4; lastKnownFileType = sourcecode.swift; path = ExtTabBar.swift; sourceTree = "<group>"; };
		747A0B202D1030A40049F8B7 /* SceneManager.swift */ = {isa = PBXFileReference; lastKnownFileType = sourcecode.swift; path = SceneManager.swift; sourceTree = "<group>"; };
		747A0B232D10398F0049F8B7 /* ChatMediaVC.swift */ = {isa = PBXFileReference; lastKnownFileType = sourcecode.swift; path = ChatMediaVC.swift; sourceTree = "<group>"; };
		747A0B252D103A150049F8B7 /* ChatMediaCell.swift */ = {isa = PBXFileReference; lastKnownFileType = sourcecode.swift; path = ChatMediaCell.swift; sourceTree = "<group>"; };
		747A0B272D103B150049F8B7 /* UniversalFormatView.swift */ = {isa = PBXFileReference; lastKnownFileType = sourcecode.swift; path = UniversalFormatView.swift; sourceTree = "<group>"; };
		747A0B292D1051FD0049F8B7 /* GalleryRouter.swift */ = {isa = PBXFileReference; lastKnownFileType = sourcecode.swift; path = GalleryRouter.swift; sourceTree = "<group>"; };
		747A0B2C2D10AAF60049F8B7 /* MediaVC.swift */ = {isa = PBXFileReference; lastKnownFileType = sourcecode.swift; path = MediaVC.swift; sourceTree = "<group>"; };
		747A0B2E2D10AE310049F8B7 /* MediaPlayerView.swift */ = {isa = PBXFileReference; lastKnownFileType = sourcecode.swift; path = MediaPlayerView.swift; sourceTree = "<group>"; };
		749BAF682D1180E000C015F4 /* ExtNotification.swift */ = {isa = PBXFileReference; lastKnownFileType = sourcecode.swift; path = ExtNotification.swift; sourceTree = "<group>"; };
		749BAF6A2D1182C000C015F4 /* DocumentsPresenter.swift */ = {isa = PBXFileReference; lastKnownFileType = sourcecode.swift; path = DocumentsPresenter.swift; sourceTree = "<group>"; };
		749BAF6C2D1182C900C015F4 /* DocumentsRouter.swift */ = {isa = PBXFileReference; lastKnownFileType = sourcecode.swift; path = DocumentsRouter.swift; sourceTree = "<group>"; };
		749BAF6E2D11D0E000C015F4 /* OnboardingVC.swift */ = {isa = PBXFileReference; lastKnownFileType = sourcecode.swift; path = OnboardingVC.swift; sourceTree = "<group>"; };
		749BAF702D11D40A00C015F4 /* OnboardingModel.swift */ = {isa = PBXFileReference; lastKnownFileType = sourcecode.swift; path = OnboardingModel.swift; sourceTree = "<group>"; };
		749BAF732D11D47D00C015F4 /* en */ = {isa = PBXFileReference; lastKnownFileType = text.plist.strings; name = en; path = en.lproj/Localizable.strings; sourceTree = "<group>"; };
		749BAF752D11D59E00C015F4 /* PageView.swift */ = {isa = PBXFileReference; lastKnownFileType = sourcecode.swift; path = PageView.swift; sourceTree = "<group>"; };
		749BAF772D11D80800C015F4 /* BoardCell.swift */ = {isa = PBXFileReference; lastKnownFileType = sourcecode.swift; path = BoardCell.swift; sourceTree = "<group>"; };
		749BAF792D11ECF100C015F4 /* BoardView.swift */ = {isa = PBXFileReference; lastKnownFileType = sourcecode.swift; path = BoardView.swift; sourceTree = "<group>"; };
		749BAF7C2D12235E00C015F4 /* MediaHorizontalCollection.swift */ = {isa = PBXFileReference; lastKnownFileType = sourcecode.swift; path = MediaHorizontalCollection.swift; sourceTree = "<group>"; };
		749BAF7E2D12236F00C015F4 /* MediaCell.swift */ = {isa = PBXFileReference; lastKnownFileType = sourcecode.swift; path = MediaCell.swift; sourceTree = "<group>"; };
		749BAF822D12CB1800C015F4 /* DocumentsModel.swift */ = {isa = PBXFileReference; lastKnownFileType = sourcecode.swift; path = DocumentsModel.swift; sourceTree = "<group>"; };
		749BAF842D12CB2800C015F4 /* GalleryModel.swift */ = {isa = PBXFileReference; lastKnownFileType = sourcecode.swift; path = GalleryModel.swift; sourceTree = "<group>"; };
		749BAF862D12CEE600C015F4 /* MediaView.swift */ = {isa = PBXFileReference; lastKnownFileType = sourcecode.swift; path = MediaView.swift; sourceTree = "<group>"; };
		749BAF882D12F6E000C015F4 /* SettingsRouter.swift */ = {isa = PBXFileReference; lastKnownFileType = sourcecode.swift; path = SettingsRouter.swift; sourceTree = "<group>"; };
		749BAF8A2D12FDDD00C015F4 /* GuideScreen.swift */ = {isa = PBXFileReference; lastKnownFileType = sourcecode.swift; path = GuideScreen.swift; sourceTree = "<group>"; };
		749BAF8C2D13445200C015F4 /* CustomSearch.swift */ = {isa = PBXFileReference; lastKnownFileType = sourcecode.swift; path = CustomSearch.swift; sourceTree = "<group>"; };
		749BAF902D13769000C015F4 /* SettingsPresenter.swift */ = {isa = PBXFileReference; lastKnownFileType = sourcecode.swift; path = SettingsPresenter.swift; sourceTree = "<group>"; };
		749BAF922D137AF400C015F4 /* SettingsModel.swift */ = {isa = PBXFileReference; lastKnownFileType = sourcecode.swift; path = SettingsModel.swift; sourceTree = "<group>"; };
		749BAF972D137DBC00C015F4 /* DocsCollectionCell.swift */ = {isa = PBXFileReference; lastKnownFileType = sourcecode.swift; path = DocsCollectionCell.swift; sourceTree = "<group>"; };
		749BAF992D1398FB00C015F4 /* DocsSoloVC.swift */ = {isa = PBXFileReference; lastKnownFileType = sourcecode.swift; path = DocsSoloVC.swift; sourceTree = "<group>"; };
		749BAFA12D1439B800C015F4 /* GoogleDriveAPI.swift */ = {isa = PBXFileReference; lastKnownFileType = sourcecode.swift; path = GoogleDriveAPI.swift; sourceTree = "<group>"; };
		749BAFA62D14450200C015F4 /* NoReachView.swift */ = {isa = PBXFileReference; lastKnownFileType = sourcecode.swift; path = NoReachView.swift; sourceTree = "<group>"; };
		749BAFA82D1447A100C015F4 /* InternetChecker.swift */ = {isa = PBXFileReference; lastKnownFileType = sourcecode.swift; path = InternetChecker.swift; sourceTree = "<group>"; };
		749BAFAA2D14A49600C015F4 /* TImeLineView.swift */ = {isa = PBXFileReference; lastKnownFileType = sourcecode.swift; path = TImeLineView.swift; sourceTree = "<group>"; };
		749BAFAC2D14A4BA00C015F4 /* BottomBarView.swift */ = {isa = PBXFileReference; lastKnownFileType = sourcecode.swift; path = BottomBarView.swift; sourceTree = "<group>"; };
		749BAFAE2D15BD3C00C015F4 /* FullScreenVideo.swift */ = {isa = PBXFileReference; lastKnownFileType = sourcecode.swift; path = FullScreenVideo.swift; sourceTree = "<group>"; };
		749BAFB92D16FCAB00C015F4 /* MediaAudioPlayer.swift */ = {isa = PBXFileReference; lastKnownFileType = sourcecode.swift; path = MediaAudioPlayer.swift; sourceTree = "<group>"; };
		74A8B4EA2D0F111A00AAFE74 /* SettingsTable.swift */ = {isa = PBXFileReference; lastKnownFileType = sourcecode.swift; path = SettingsTable.swift; sourceTree = "<group>"; };
		B2D122F6CF0B3AB77654E0A1 /* Pods-WhatsAppBackUo-WhatsAppBackUoUITests.debug.xcconfig */ = {isa = PBXFileReference; includeInIndex = 1; lastKnownFileType = text.xcconfig; name = "Pods-WhatsAppBackUo-WhatsAppBackUoUITests.debug.xcconfig"; path = "Target Support Files/Pods-WhatsAppBackUo-WhatsAppBackUoUITests/Pods-WhatsAppBackUo-WhatsAppBackUoUITests.debug.xcconfig"; sourceTree = "<group>"; };
		B90905559B8D9ECA0CDEBCEE /* Pods_WhatsAppBackUoTests.framework */ = {isa = PBXFileReference; explicitFileType = wrapper.framework; includeInIndex = 0; path = Pods_WhatsAppBackUoTests.framework; sourceTree = BUILT_PRODUCTS_DIR; };
		C0B747A22F15612EC4984030 /* Pods-WhatsAppBackUo.debug.xcconfig */ = {isa = PBXFileReference; includeInIndex = 1; lastKnownFileType = text.xcconfig; name = "Pods-WhatsAppBackUo.debug.xcconfig"; path = "Target Support Files/Pods-WhatsAppBackUo/Pods-WhatsAppBackUo.debug.xcconfig"; sourceTree = "<group>"; };
		CD5CC74311BCA0C74BD387BC /* Pods_WhatsAppBackUo_WhatsAppBackUoUITests.framework */ = {isa = PBXFileReference; explicitFileType = wrapper.framework; includeInIndex = 0; path = Pods_WhatsAppBackUo_WhatsAppBackUoUITests.framework; sourceTree = BUILT_PRODUCTS_DIR; };
		F77021DD3CF7F45E0B666D82 /* Pods-WhatsAppBackUoTests.release.xcconfig */ = {isa = PBXFileReference; includeInIndex = 1; lastKnownFileType = text.xcconfig; name = "Pods-WhatsAppBackUoTests.release.xcconfig"; path = "Target Support Files/Pods-WhatsAppBackUoTests/Pods-WhatsAppBackUoTests.release.xcconfig"; sourceTree = "<group>"; };
/* End PBXFileReference section */

/* Begin PBXFrameworksBuildPhase section */
		742EFFC32CFF958800DE61C9 /* Frameworks */ = {
			isa = PBXFrameworksBuildPhase;
			buildActionMask = 2147483647;
			files = (
				7462F75C2D175240006ADF8D /* libswscale.xcframework in Frameworks */,
				7462F73F2D174D36006ADF8D /* Pods_WhatsAppBackUo.framework in Frameworks */,
				7462F7542D175240006ADF8D /* libavfilter.xcframework in Frameworks */,
				7462F74A2D175224006ADF8D /* libavcodec.xcframework in Frameworks */,
				7462F7462D174FD4006ADF8D /* ffmpegkit.xcframework in Frameworks */,
				7462F7582D175240006ADF8D /* libavutil.xcframework in Frameworks */,
				7462F72A2D174715006ADF8D /* SnapKit in Frameworks */,
				7462F75A2D175240006ADF8D /* libswresample.xcframework in Frameworks */,
				7462F7562D175240006ADF8D /* libavformat.xcframework in Frameworks */,
				7462F7522D175240006ADF8D /* libavdevice.xcframework in Frameworks */,
				7462F72D2D174731006ADF8D /* ZIPFoundation in Frameworks */,
			);
			runOnlyForDeploymentPostprocessing = 0;
		};
		742EFFD92CFF958900DE61C9 /* Frameworks */ = {
			isa = PBXFrameworksBuildPhase;
			buildActionMask = 2147483647;
			files = (
				03CD144B6581678FF6742F6D /* Pods_WhatsAppBackUoTests.framework in Frameworks */,
			);
			runOnlyForDeploymentPostprocessing = 0;
		};
		742EFFE32CFF958900DE61C9 /* Frameworks */ = {
			isa = PBXFrameworksBuildPhase;
			buildActionMask = 2147483647;
			files = (
				7E267A0D808F95DCAC32F02B /* Pods_WhatsAppBackUo_WhatsAppBackUoUITests.framework in Frameworks */,
			);
			runOnlyForDeploymentPostprocessing = 0;
		};
/* End PBXFrameworksBuildPhase section */

/* Begin PBXGroup section */
		7401C6FE2D087E7F0048A2B2 /* Chats */ = {
			isa = PBXGroup;
			children = (
				7401C7122D08C3DA0048A2B2 /* ChatModel */,
				7401C7012D087EA20048A2B2 /* ChatViews */,
				742E00162CFF9C1E00DE61C9 /* ChatsVC.swift */,
				742E00452CFFBDA500DE61C9 /* ChatsRouter.swift */,
				7401C7022D0886FA0048A2B2 /* ChatsPresenter.swift */,
			);
			path = Chats;
			sourceTree = "<group>";
		};
		7401C7012D087EA20048A2B2 /* ChatViews */ = {
			isa = PBXGroup;
			children = (
				7401C7082D08BE790048A2B2 /* ChatCollection */,
				7401C6FF2D087E980048A2B2 /* NoContentView.swift */,
			);
			path = ChatViews;
			sourceTree = "<group>";
		};
		7401C7082D08BE790048A2B2 /* ChatCollection */ = {
			isa = PBXGroup;
			children = (
				7401C7062D08BDC40048A2B2 /* ChatList.swift */,
				7401C7092D08BE920048A2B2 /* ChatListCell.swift */,
			);
			path = ChatCollection;
			sourceTree = "<group>";
		};
		7401C7122D08C3DA0048A2B2 /* ChatModel */ = {
			isa = PBXGroup;
			children = (
				7401C7612D08DCEC0048A2B2 /* CoreData */,
				7401C70D2D08C0950048A2B2 /* Model.swift */,
				7401C7132D08C3EF0048A2B2 /* DataFromWhatsUP.swift */,
				7401C7152D08C6260048A2B2 /* DbRequests.swift */,
				7401C7172D08D6730048A2B2 /* DialogueList.xcdatamodeld */,
			);
			path = ChatModel;
			sourceTree = "<group>";
		};
		7401C7612D08DCEC0048A2B2 /* CoreData */ = {
			isa = PBXGroup;
			children = (
				7401C7622D08DFEE0048A2B2 /* Message+CoreDataClass.swift */,
				7401C7632D08DFEE0048A2B2 /* Message+CoreDataProperties.swift */,
				7401C7642D08DFEE0048A2B2 /* Dialogue+CoreDataClass.swift */,
				7401C7652D08DFEE0048A2B2 /* Dialogue+CoreDataProperties.swift */,
			);
			path = CoreData;
			sourceTree = "<group>";
		};
		7401C76C2D08F2DB0048A2B2 /* Dialogue */ = {
			isa = PBXGroup;
			children = (
				7401C7712D09BCDD0048A2B2 /* DialogueCollection */,
				7401C76D2D08F2ED0048A2B2 /* DialogueVC.swift */,
			);
			path = Dialogue;
			sourceTree = "<group>";
		};
		7401C7712D09BCDD0048A2B2 /* DialogueCollection */ = {
			isa = PBXGroup;
			children = (
				7401C7722D09BD110048A2B2 /* DialogueCollection.swift */,
				7401C7742D09BDD00048A2B2 /* MessageCell.swift */,
				7401C7762D09C59E0048A2B2 /* MessageView.swift */,
			);
			path = DialogueCollection;
			sourceTree = "<group>";
		};
		742E00002CFF97F900DE61C9 /* Tab */ = {
			isa = PBXGroup;
			children = (
				7462F76B2D18B2C8006ADF8D /* CustomTabBar.swift */,
				7462F76A2D18B2C8006ADF8D /* CustomTabBarItem.swift */,
				7462F7692D18B2C8006ADF8D /* CustomTabBarVC.swift */,
				7462F7682D18B2C8006ADF8D /* CustomTabItemView.swift */,
			);
			path = Tab;
			sourceTree = "<group>";
		};
		742E00012CFF980100DE61C9 /* Chats */ = {
			isa = PBXGroup;
			children = (
				7401C76C2D08F2DB0048A2B2 /* Dialogue */,
				7401C6FE2D087E7F0048A2B2 /* Chats */,
				742E00422CFFBC9D00DE61C9 /* QRScreen */,
			);
			path = Chats;
			sourceTree = "<group>";
		};
		742E00022CFF980A00DE61C9 /* Gallery */ = {
			isa = PBXGroup;
			children = (
				749BAF8E2D13539E00C015F4 /* GalleryViews */,
				747A0B2B2D10AADD0049F8B7 /* MediaVC */,
				747A0B222D10396D0049F8B7 /* GalleryChatMedia */,
				742E00182CFF9C2900DE61C9 /* GalleryVC.swift */,
				7401C77C2D09DA4E0048A2B2 /* GalleryPresenter.swift */,
				747A0B292D1051FD0049F8B7 /* GalleryRouter.swift */,
				749BAF842D12CB2800C015F4 /* GalleryModel.swift */,
			);
			path = Gallery;
			sourceTree = "<group>";
		};
		742E00032CFF981600DE61C9 /* Documents */ = {
			isa = PBXGroup;
			children = (
				749BAF942D137D7F00C015F4 /* Subviews */,
				742E001A2CFF9C3500DE61C9 /* DocumentsVC.swift */,
				749BAF6A2D1182C000C015F4 /* DocumentsPresenter.swift */,
				749BAF6C2D1182C900C015F4 /* DocumentsRouter.swift */,
				749BAF822D12CB1800C015F4 /* DocumentsModel.swift */,
			);
			path = Documents;
			sourceTree = "<group>";
		};
		742E00042CFF981C00DE61C9 /* Settings */ = {
			isa = PBXGroup;
			children = (
				749BAF8F2D13767900C015F4 /* Views */,
				742E001C2CFF9C3E00DE61C9 /* SettingsVC.swift */,
				749BAF882D12F6E000C015F4 /* SettingsRouter.swift */,
				749BAF902D13769000C015F4 /* SettingsPresenter.swift */,
				749BAF922D137AF400C015F4 /* SettingsModel.swift */,
				749BAFA12D1439B800C015F4 /* GoogleDriveAPI.swift */,
			);
			path = Settings;
			sourceTree = "<group>";
		};
		742E00052CFF988200DE61C9 /* Ext */ = {
			isa = PBXGroup;
			children = (
				7462F7702D18B336006ADF8D /* ExtTabBar.swift */,
				742E000A2CFF994800DE61C9 /* ExtViewCreator.swift */,
				742E00352CFF9CF300DE61C9 /* ExtFont.swift */,
				742E00392CFFA1D900DE61C9 /* ExtColors.swift */,
				7401C70B2D08BEC80048A2B2 /* ExtCell.swift */,
				7401C76A2D08EEA30048A2B2 /* ExtView.swift */,
				7401C76F2D08FBFC0048A2B2 /* DateFormater.swift */,
				749BAF682D1180E000C015F4 /* ExtNotification.swift */,
				7462F75E2D185C89006ADF8D /* ExtDeviceType.swift */,
			);
			path = Ext;
			sourceTree = "<group>";
		};
		742E00062CFF988700DE61C9 /* CustomViews */ = {
			isa = PBXGroup;
			children = (
				742E003F2CFFB31500DE61C9 /* TopElement */,
				742E00082CFF98FC00DE61C9 /* VcWithBackGround.swift */,
				747A0B272D103B150049F8B7 /* UniversalFormatView.swift */,
				7462F7602D18619C006ADF8D /* BtnMine.swift */,
			);
			path = CustomViews;
			sourceTree = "<group>";
		};
		742E00132CFF9A8700DE61C9 /* Localization */ = {
			isa = PBXGroup;
			children = (
				742E00142CFF9A9500DE61C9 /* LocFunc.swift */,
				749BAF722D11D47D00C015F4 /* Localizable.strings */,
			);
			path = Localization;
			sourceTree = "<group>";
		};
		742E001E2CFF9CC900DE61C9 /* Fonts */ = {
			isa = PBXGroup;
			children = (
				742E00292CFF9CE100DE61C9 /* Gilroy-Black.ttf */,
				742E00232CFF9CE000DE61C9 /* Gilroy-Bold.ttf */,
				742E00242CFF9CE000DE61C9 /* Gilroy-Extrabold.ttf */,
				742E00282CFF9CE100DE61C9 /* Gilroy-Regular.ttf */,
				742E00222CFF9CE000DE61C9 /* Gilroy-Semibold.ttf */,
				742E00262CFF9CE000DE61C9 /* Gilroy-Thin.ttf */,
				742E00212CFF9CE000DE61C9 /* PollerOne-Regular.ttf */,
				742E001F2CFF9CE000DE61C9 /* Poppins-Bold.ttf */,
				742E00272CFF9CE100DE61C9 /* Poppins-Medium.ttf */,
				742E00252CFF9CE000DE61C9 /* Poppins-Regular.ttf */,
				742E00202CFF9CE000DE61C9 /* Poppins-SemiBold.ttf */,
			);
			path = Fonts;
			sourceTree = "<group>";
		};
		742E003F2CFFB31500DE61C9 /* TopElement */ = {
			isa = PBXGroup;
			children = (
				742E003D2CFFAEB000DE61C9 /* TopElement.swift */,
				749BAF8C2D13445200C015F4 /* CustomSearch.swift */,
			);
			path = TopElement;
			sourceTree = "<group>";
		};
		742E00422CFFBC9D00DE61C9 /* QRScreen */ = {
			isa = PBXGroup;
			children = (
				7462F7642D187607006ADF8D /* QrVC.swift */,
			);
			path = QRScreen;
			sourceTree = "<group>";
		};
		742EFFBD2CFF958800DE61C9 = {
			isa = PBXGroup;
			children = (
				742EFFC82CFF958800DE61C9 /* WhatsAppBackUo */,
				742EFFC72CFF958800DE61C9 /* Products */,
				DB55A50DBB4723149ED3B5B5 /* Pods */,
				9266A0DC0C7B730DDBAA2165 /* Frameworks */,
			);
			sourceTree = "<group>";
		};
		742EFFC72CFF958800DE61C9 /* Products */ = {
			isa = PBXGroup;
			children = (
				742EFFC62CFF958800DE61C9 /* WhatsAppBackUo.app */,
				742EFFDC2CFF958900DE61C9 /* WhatsAppBackUoTests.xctest */,
				742EFFE62CFF958900DE61C9 /* WhatsAppBackUoUITests.xctest */,
			);
			name = Products;
			sourceTree = "<group>";
		};
		742EFFC82CFF958800DE61C9 /* WhatsAppBackUo */ = {
			isa = PBXGroup;
			children = (
				742E00132CFF9A8700DE61C9 /* Localization */,
				742E00062CFF988700DE61C9 /* CustomViews */,
				742E00052CFF988200DE61C9 /* Ext */,
				742EFFFF2CFF97F300DE61C9 /* Flow */,
				742EFFFE2CFF97D500DE61C9 /* TabBar */,
				742EFFFD2CFF97B300DE61C9 /* Obnboarding */,
				742EFFFC2CFF979B00DE61C9 /* LockScreen */,
				742EFFFB2CFF979400DE61C9 /* Loader */,
				742EFFFA2CFF964200DE61C9 /* Application */,
				742EFFF92CFF95D400DE61C9 /* Resources */,
			);
			path = WhatsAppBackUo;
			sourceTree = "<group>";
		};
		742EFFF92CFF95D400DE61C9 /* Resources */ = {
			isa = PBXGroup;
			children = (
				7462F7662D18794D006ADF8D /* UserScript.js */,
				742E001E2CFF9CC900DE61C9 /* Fonts */,
				742EFFD22CFF958900DE61C9 /* Assets.xcassets */,
				742EFFD42CFF958900DE61C9 /* LaunchScreen.storyboard */,
				742EFFD72CFF958900DE61C9 /* Info.plist */,
			);
			path = Resources;
			sourceTree = "<group>";
		};
		742EFFFA2CFF964200DE61C9 /* Application */ = {
			isa = PBXGroup;
			children = (
				742EFFC92CFF958800DE61C9 /* AppDelegate.swift */,
				742EFFCB2CFF958800DE61C9 /* SceneDelegate.swift */,
				742E00372CFFA00300DE61C9 /* Coordiantor.swift */,
				747A0B202D1030A40049F8B7 /* SceneManager.swift */,
				749BAFA82D1447A100C015F4 /* InternetChecker.swift */,
			);
			path = Application;
			sourceTree = "<group>";
		};
		742EFFFB2CFF979400DE61C9 /* Loader */ = {
			isa = PBXGroup;
			children = (
				742E00472CFFBFE800DE61C9 /* LoaderVC.swift */,
				742E00492CFFC10000DE61C9 /* LoaderView.swift */,
				749BAFA62D14450200C015F4 /* NoReachView.swift */,
			);
			path = Loader;
			sourceTree = "<group>";
		};
		742EFFFC2CFF979B00DE61C9 /* LockScreen */ = {
			isa = PBXGroup;
			children = (
				742E004C2CFFC97000DE61C9 /* LockScreenVC.swift */,
				7448BF382D071D500037350B /* LockView.swift */,
				7448BF3A2D072E770037350B /* LockTab.swift */,
			);
			path = LockScreen;
			sourceTree = "<group>";
		};
		742EFFFD2CFF97B300DE61C9 /* Obnboarding */ = {
			isa = PBXGroup;
			children = (
				749BAF6E2D11D0E000C015F4 /* OnboardingVC.swift */,
				749BAF702D11D40A00C015F4 /* OnboardingModel.swift */,
				749BAF752D11D59E00C015F4 /* PageView.swift */,
				749BAF772D11D80800C015F4 /* BoardCell.swift */,
				749BAF792D11ECF100C015F4 /* BoardView.swift */,
			);
			path = Obnboarding;
			sourceTree = "<group>";
		};
		742EFFFE2CFF97D500DE61C9 /* TabBar */ = {
			isa = PBXGroup;
			children = (
				742E00002CFF97F900DE61C9 /* Tab */,
			);
			path = TabBar;
			sourceTree = "<group>";
		};
		742EFFFF2CFF97F300DE61C9 /* Flow */ = {
			isa = PBXGroup;
			children = (
				742E00042CFF981C00DE61C9 /* Settings */,
				742E00032CFF981600DE61C9 /* Documents */,
				742E00022CFF980A00DE61C9 /* Gallery */,
				742E00012CFF980100DE61C9 /* Chats */,
			);
			path = Flow;
			sourceTree = "<group>";
		};
		747A0B222D10396D0049F8B7 /* GalleryChatMedia */ = {
			isa = PBXGroup;
			children = (
				747A0B232D10398F0049F8B7 /* ChatMediaVC.swift */,
				747A0B252D103A150049F8B7 /* ChatMediaCell.swift */,
			);
			path = GalleryChatMedia;
			sourceTree = "<group>";
		};
		747A0B2B2D10AADD0049F8B7 /* MediaVC */ = {
			isa = PBXGroup;
			children = (
				749BAF7B2D12233B00C015F4 /* MediaCollection */,
				747A0B2C2D10AAF60049F8B7 /* MediaVC.swift */,
				747A0B2E2D10AE310049F8B7 /* MediaPlayerView.swift */,
			);
			path = MediaVC;
			sourceTree = "<group>";
		};
		749BAF7B2D12233B00C015F4 /* MediaCollection */ = {
			isa = PBXGroup;
			children = (
				749BAF7C2D12235E00C015F4 /* MediaHorizontalCollection.swift */,
				749BAF7E2D12236F00C015F4 /* MediaCell.swift */,
				749BAF862D12CEE600C015F4 /* MediaView.swift */,
				749BAFB92D16FCAB00C015F4 /* MediaAudioPlayer.swift */,
			);
			path = MediaCollection;
			sourceTree = "<group>";
		};
		749BAF8E2D13539E00C015F4 /* GalleryViews */ = {
			isa = PBXGroup;
			children = (
				7401C77A2D09D82B0048A2B2 /* GalleryCell.swift */,
			);
			path = GalleryViews;
			sourceTree = "<group>";
		};
		749BAF8F2D13767900C015F4 /* Views */ = {
			isa = PBXGroup;
			children = (
				749BAF8A2D12FDDD00C015F4 /* GuideScreen.swift */,
				74A8B4EA2D0F111A00AAFE74 /* SettingsTable.swift */,
			);
			path = Views;
			sourceTree = "<group>";
		};
		749BAF942D137D7F00C015F4 /* Subviews */ = {
			isa = PBXGroup;
			children = (
				749BAFB12D15D17A00C015F4 /* Views */,
				749BAFB02D15D17100C015F4 /* Screens */,
			);
			path = Subviews;
			sourceTree = "<group>";
		};
		749BAFB02D15D17100C015F4 /* Screens */ = {
			isa = PBXGroup;
			children = (
				749BAF992D1398FB00C015F4 /* DocsSoloVC.swift */,
				749BAFAE2D15BD3C00C015F4 /* FullScreenVideo.swift */,
			);
			path = Screens;
			sourceTree = "<group>";
		};
		749BAFB12D15D17A00C015F4 /* Views */ = {
			isa = PBXGroup;
			children = (
				749BAFAA2D14A49600C015F4 /* TImeLineView.swift */,
				749BAF972D137DBC00C015F4 /* DocsCollectionCell.swift */,
				749BAFAC2D14A4BA00C015F4 /* BottomBarView.swift */,
			);
			path = Views;
			sourceTree = "<group>";
		};
		9266A0DC0C7B730DDBAA2165 /* Frameworks */ = {
			isa = PBXGroup;
			children = (
				7462F74C2D175240006ADF8D /* libavdevice.xcframework */,
				7462F74D2D175240006ADF8D /* libavfilter.xcframework */,
				7462F74E2D175240006ADF8D /* libavformat.xcframework */,
				7462F74F2D175240006ADF8D /* libavutil.xcframework */,
				7462F7502D175240006ADF8D /* libswresample.xcframework */,
				7462F7512D175240006ADF8D /* libswscale.xcframework */,
				7462F7492D175224006ADF8D /* libavcodec.xcframework */,
				7462F73E2D174D36006ADF8D /* Pods_WhatsAppBackUo.framework */,
				7462F73B2D174BF7006ADF8D /* Pods_WhatsAppBackUo.framework */,
				7462F7372D174B86006ADF8D /* Pods_WhatsAppBackUo.framework */,
				7462F7312D174B41006ADF8D /* ffmpegkit.xcframework */,
				44A113E911A8FB38D6CF1AEA /* Pods_WhatsAppBackUo.framework */,
				CD5CC74311BCA0C74BD387BC /* Pods_WhatsAppBackUo_WhatsAppBackUoUITests.framework */,
				B90905559B8D9ECA0CDEBCEE /* Pods_WhatsAppBackUoTests.framework */,
			);
			name = Frameworks;
			sourceTree = "<group>";
		};
		DB55A50DBB4723149ED3B5B5 /* Pods */ = {
			isa = PBXGroup;
			children = (
				C0B747A22F15612EC4984030 /* Pods-WhatsAppBackUo.debug.xcconfig */,
				5632B2DB2478C765F978BD64 /* Pods-WhatsAppBackUo.release.xcconfig */,
				B2D122F6CF0B3AB77654E0A1 /* Pods-WhatsAppBackUo-WhatsAppBackUoUITests.debug.xcconfig */,
				038E2E8FFE74AD311D686AAA /* Pods-WhatsAppBackUo-WhatsAppBackUoUITests.release.xcconfig */,
				3BA5C8F1E34C3FD6D3CD53D0 /* Pods-WhatsAppBackUoTests.debug.xcconfig */,
				F77021DD3CF7F45E0B666D82 /* Pods-WhatsAppBackUoTests.release.xcconfig */,
			);
			path = Pods;
			sourceTree = "<group>";
		};
/* End PBXGroup section */

/* Begin PBXNativeTarget section */
		742EFFC52CFF958800DE61C9 /* WhatsAppBackUo */ = {
			isa = PBXNativeTarget;
			buildConfigurationList = 742EFFF02CFF958900DE61C9 /* Build configuration list for PBXNativeTarget "WhatsAppBackUo" */;
			buildPhases = (
				EF2FE7E14AC0483A9C862D65 /* [CP] Check Pods Manifest.lock */,
				742EFFC22CFF958800DE61C9 /* Sources */,
				742EFFC32CFF958800DE61C9 /* Frameworks */,
				742EFFC42CFF958800DE61C9 /* Resources */,
				7462F7482D174FD4006ADF8D /* Embed Frameworks */,
			);
			buildRules = (
			);
			dependencies = (
			);
			name = WhatsAppBackUo;
			packageProductDependencies = (
				7462F7292D174715006ADF8D /* SnapKit */,
				7462F72C2D174731006ADF8D /* ZIPFoundation */,
			);
			productName = WhatsAppBackUo;
			productReference = 742EFFC62CFF958800DE61C9 /* WhatsAppBackUo.app */;
			productType = "com.apple.product-type.application";
		};
		742EFFDB2CFF958900DE61C9 /* WhatsAppBackUoTests */ = {
			isa = PBXNativeTarget;
			buildConfigurationList = 742EFFF32CFF958900DE61C9 /* Build configuration list for PBXNativeTarget "WhatsAppBackUoTests" */;
			buildPhases = (
				B7874D2BDF32131BD814A40C /* [CP] Check Pods Manifest.lock */,
				742EFFD82CFF958900DE61C9 /* Sources */,
				742EFFD92CFF958900DE61C9 /* Frameworks */,
				742EFFDA2CFF958900DE61C9 /* Resources */,
			);
			buildRules = (
			);
			dependencies = (
				742EFFDE2CFF958900DE61C9 /* PBXTargetDependency */,
			);
			name = WhatsAppBackUoTests;
			productName = WhatsAppBackUoTests;
			productReference = 742EFFDC2CFF958900DE61C9 /* WhatsAppBackUoTests.xctest */;
			productType = "com.apple.product-type.bundle.unit-test";
		};
		742EFFE52CFF958900DE61C9 /* WhatsAppBackUoUITests */ = {
			isa = PBXNativeTarget;
			buildConfigurationList = 742EFFF62CFF958900DE61C9 /* Build configuration list for PBXNativeTarget "WhatsAppBackUoUITests" */;
			buildPhases = (
				30C91670F527221446E7482A /* [CP] Check Pods Manifest.lock */,
				742EFFE22CFF958900DE61C9 /* Sources */,
				742EFFE32CFF958900DE61C9 /* Frameworks */,
				742EFFE42CFF958900DE61C9 /* Resources */,
				F6F790D2A84E827B3A4F1225 /* [CP] Embed Pods Frameworks */,
			);
			buildRules = (
			);
			dependencies = (
				742EFFE82CFF958900DE61C9 /* PBXTargetDependency */,
			);
			name = WhatsAppBackUoUITests;
			productName = WhatsAppBackUoUITests;
			productReference = 742EFFE62CFF958900DE61C9 /* WhatsAppBackUoUITests.xctest */;
			productType = "com.apple.product-type.bundle.ui-testing";
		};
/* End PBXNativeTarget section */

/* Begin PBXProject section */
		742EFFBE2CFF958800DE61C9 /* Project object */ = {
			isa = PBXProject;
			attributes = {
				BuildIndependentTargetsInParallel = 1;
				LastSwiftUpdateCheck = 1540;
				LastUpgradeCheck = 1540;
				TargetAttributes = {
					742EFFC52CFF958800DE61C9 = {
						CreatedOnToolsVersion = 15.4;
					};
					742EFFDB2CFF958900DE61C9 = {
						CreatedOnToolsVersion = 15.4;
						TestTargetID = 742EFFC52CFF958800DE61C9;
					};
					742EFFE52CFF958900DE61C9 = {
						CreatedOnToolsVersion = 15.4;
						TestTargetID = 742EFFC52CFF958800DE61C9;
					};
				};
			};
			buildConfigurationList = 742EFFC12CFF958800DE61C9 /* Build configuration list for PBXProject "WhatsAppBackUo" */;
			compatibilityVersion = "Xcode 14.0";
			developmentRegion = en;
			hasScannedForEncodings = 0;
			knownRegions = (
				en,
				Base,
			);
			mainGroup = 742EFFBD2CFF958800DE61C9;
			packageReferences = (
				7462F7282D174714006ADF8D /* XCRemoteSwiftPackageReference "SnapKit" */,
				7462F72B2D174731006ADF8D /* XCRemoteSwiftPackageReference "ZIPFoundation" */,
			);
			productRefGroup = 742EFFC72CFF958800DE61C9 /* Products */;
			projectDirPath = "";
			projectRoot = "";
			targets = (
				742EFFC52CFF958800DE61C9 /* WhatsAppBackUo */,
				742EFFDB2CFF958900DE61C9 /* WhatsAppBackUoTests */,
				742EFFE52CFF958900DE61C9 /* WhatsAppBackUoUITests */,
			);
		};
/* End PBXProject section */

/* Begin PBXResourcesBuildPhase section */
		742EFFC42CFF958800DE61C9 /* Resources */ = {
			isa = PBXResourcesBuildPhase;
			buildActionMask = 2147483647;
			files = (
				742E002F2CFF9CE100DE61C9 /* Gilroy-Extrabold.ttf in Resources */,
				742EFFD32CFF958900DE61C9 /* Assets.xcassets in Resources */,
				742E00322CFF9CE100DE61C9 /* Poppins-Medium.ttf in Resources */,
				749BAF742D11D47D00C015F4 /* Localizable.strings in Resources */,
				742E002B2CFF9CE100DE61C9 /* Poppins-SemiBold.ttf in Resources */,
				742E00312CFF9CE100DE61C9 /* Gilroy-Thin.ttf in Resources */,
				742E00302CFF9CE100DE61C9 /* Poppins-Regular.ttf in Resources */,
				742E002A2CFF9CE100DE61C9 /* Poppins-Bold.ttf in Resources */,
				742E00332CFF9CE100DE61C9 /* Gilroy-Regular.ttf in Resources */,
				742E00342CFF9CE100DE61C9 /* Gilroy-Black.ttf in Resources */,
				742E002E2CFF9CE100DE61C9 /* Gilroy-Bold.ttf in Resources */,
				7462F7672D18794D006ADF8D /* UserScript.js in Resources */,
				742E002D2CFF9CE100DE61C9 /* Gilroy-Semibold.ttf in Resources */,
				742EFFD62CFF958900DE61C9 /* Base in Resources */,
				742E002C2CFF9CE100DE61C9 /* PollerOne-Regular.ttf in Resources */,
			);
			runOnlyForDeploymentPostprocessing = 0;
		};
		742EFFDA2CFF958900DE61C9 /* Resources */ = {
			isa = PBXResourcesBuildPhase;
			buildActionMask = 2147483647;
			files = (
			);
			runOnlyForDeploymentPostprocessing = 0;
		};
		742EFFE42CFF958900DE61C9 /* Resources */ = {
			isa = PBXResourcesBuildPhase;
			buildActionMask = 2147483647;
			files = (
			);
			runOnlyForDeploymentPostprocessing = 0;
		};
/* End PBXResourcesBuildPhase section */

/* Begin PBXShellScriptBuildPhase section */
		30C91670F527221446E7482A /* [CP] Check Pods Manifest.lock */ = {
			isa = PBXShellScriptBuildPhase;
			buildActionMask = 2147483647;
			files = (
			);
			inputFileListPaths = (
			);
			inputPaths = (
				"${PODS_PODFILE_DIR_PATH}/Podfile.lock",
				"${PODS_ROOT}/Manifest.lock",
			);
			name = "[CP] Check Pods Manifest.lock";
			outputFileListPaths = (
			);
			outputPaths = (
				"$(DERIVED_FILE_DIR)/Pods-WhatsAppBackUo-WhatsAppBackUoUITests-checkManifestLockResult.txt",
			);
			runOnlyForDeploymentPostprocessing = 0;
			shellPath = /bin/sh;
			shellScript = "diff \"${PODS_PODFILE_DIR_PATH}/Podfile.lock\" \"${PODS_ROOT}/Manifest.lock\" > /dev/null\nif [ $? != 0 ] ; then\n    # print error to STDERR\n    echo \"error: The sandbox is not in sync with the Podfile.lock. Run 'pod install' or update your CocoaPods installation.\" >&2\n    exit 1\nfi\n# This output is used by Xcode 'outputs' to avoid re-running this script phase.\necho \"SUCCESS\" > \"${SCRIPT_OUTPUT_FILE_0}\"\n";
			showEnvVarsInLog = 0;
		};
		B7874D2BDF32131BD814A40C /* [CP] Check Pods Manifest.lock */ = {
			isa = PBXShellScriptBuildPhase;
			buildActionMask = 2147483647;
			files = (
			);
			inputFileListPaths = (
			);
			inputPaths = (
				"${PODS_PODFILE_DIR_PATH}/Podfile.lock",
				"${PODS_ROOT}/Manifest.lock",
			);
			name = "[CP] Check Pods Manifest.lock";
			outputFileListPaths = (
			);
			outputPaths = (
				"$(DERIVED_FILE_DIR)/Pods-WhatsAppBackUoTests-checkManifestLockResult.txt",
			);
			runOnlyForDeploymentPostprocessing = 0;
			shellPath = /bin/sh;
			shellScript = "diff \"${PODS_PODFILE_DIR_PATH}/Podfile.lock\" \"${PODS_ROOT}/Manifest.lock\" > /dev/null\nif [ $? != 0 ] ; then\n    # print error to STDERR\n    echo \"error: The sandbox is not in sync with the Podfile.lock. Run 'pod install' or update your CocoaPods installation.\" >&2\n    exit 1\nfi\n# This output is used by Xcode 'outputs' to avoid re-running this script phase.\necho \"SUCCESS\" > \"${SCRIPT_OUTPUT_FILE_0}\"\n";
			showEnvVarsInLog = 0;
		};
		EF2FE7E14AC0483A9C862D65 /* [CP] Check Pods Manifest.lock */ = {
			isa = PBXShellScriptBuildPhase;
			buildActionMask = 2147483647;
			files = (
			);
			inputFileListPaths = (
			);
			inputPaths = (
				"${PODS_PODFILE_DIR_PATH}/Podfile.lock",
				"${PODS_ROOT}/Manifest.lock",
			);
			name = "[CP] Check Pods Manifest.lock";
			outputFileListPaths = (
			);
			outputPaths = (
				"$(DERIVED_FILE_DIR)/Pods-WhatsAppBackUo-checkManifestLockResult.txt",
			);
			runOnlyForDeploymentPostprocessing = 0;
			shellPath = /bin/sh;
			shellScript = "diff \"${PODS_PODFILE_DIR_PATH}/Podfile.lock\" \"${PODS_ROOT}/Manifest.lock\" > /dev/null\nif [ $? != 0 ] ; then\n    # print error to STDERR\n    echo \"error: The sandbox is not in sync with the Podfile.lock. Run 'pod install' or update your CocoaPods installation.\" >&2\n    exit 1\nfi\n# This output is used by Xcode 'outputs' to avoid re-running this script phase.\necho \"SUCCESS\" > \"${SCRIPT_OUTPUT_FILE_0}\"\n";
			showEnvVarsInLog = 0;
		};
		F6F790D2A84E827B3A4F1225 /* [CP] Embed Pods Frameworks */ = {
			isa = PBXShellScriptBuildPhase;
			buildActionMask = 2147483647;
			files = (
			);
			inputFileListPaths = (
				"${PODS_ROOT}/Target Support Files/Pods-WhatsAppBackUo-WhatsAppBackUoUITests/Pods-WhatsAppBackUo-WhatsAppBackUoUITests-frameworks-${CONFIGURATION}-input-files.xcfilelist",
			);
			name = "[CP] Embed Pods Frameworks";
			outputFileListPaths = (
				"${PODS_ROOT}/Target Support Files/Pods-WhatsAppBackUo-WhatsAppBackUoUITests/Pods-WhatsAppBackUo-WhatsAppBackUoUITests-frameworks-${CONFIGURATION}-output-files.xcfilelist",
			);
			runOnlyForDeploymentPostprocessing = 0;
			shellPath = /bin/sh;
			shellScript = "\"${PODS_ROOT}/Target Support Files/Pods-WhatsAppBackUo-WhatsAppBackUoUITests/Pods-WhatsAppBackUo-WhatsAppBackUoUITests-frameworks.sh\"\n";
			showEnvVarsInLog = 0;
		};
/* End PBXShellScriptBuildPhase section */

/* Begin PBXSourcesBuildPhase section */
		742EFFC22CFF958800DE61C9 /* Sources */ = {
			isa = PBXSourcesBuildPhase;
			buildActionMask = 2147483647;
			files = (
				7462F76D2D18B2C8006ADF8D /* CustomTabBarVC.swift in Sources */,
				742E001D2CFF9C3E00DE61C9 /* SettingsVC.swift in Sources */,
				747A0B2F2D10AE310049F8B7 /* MediaPlayerView.swift in Sources */,
				749BAF7D2D12235E00C015F4 /* MediaHorizontalCollection.swift in Sources */,
				749BAF7A2D11ECF100C015F4 /* BoardView.swift in Sources */,
				742E003A2CFFA1D900DE61C9 /* ExtColors.swift in Sources */,
				742EFFCA2CFF958800DE61C9 /* AppDelegate.swift in Sources */,
				74A8B4EB2D0F111A00AAFE74 /* SettingsTable.swift in Sources */,
				7462F7652D187608006ADF8D /* QrVC.swift in Sources */,
				749BAF692D1180E000C015F4 /* ExtNotification.swift in Sources */,
				742E00092CFF98FC00DE61C9 /* VcWithBackGround.swift in Sources */,
				7462F76F2D18B2C8006ADF8D /* CustomTabBar.swift in Sources */,
				747A0B2A2D1051FD0049F8B7 /* GalleryRouter.swift in Sources */,
				7401C7142D08C3EF0048A2B2 /* DataFromWhatsUP.swift in Sources */,
				747A0B2D2D10AAF60049F8B7 /* MediaVC.swift in Sources */,
				749BAFAB2D14A49600C015F4 /* TImeLineView.swift in Sources */,
				7462F76C2D18B2C8006ADF8D /* CustomTabItemView.swift in Sources */,
				7401C7072D08BDC40048A2B2 /* ChatList.swift in Sources */,
				747A0B212D1030A40049F8B7 /* SceneManager.swift in Sources */,
				7401C77B2D09D82B0048A2B2 /* GalleryCell.swift in Sources */,
				742E004D2CFFC97000DE61C9 /* LockScreenVC.swift in Sources */,
				749BAF932D137AF400C015F4 /* SettingsModel.swift in Sources */,
				742E00482CFFBFE800DE61C9 /* LoaderVC.swift in Sources */,
				7462F7612D18619C006ADF8D /* BtnMine.swift in Sources */,
				749BAF782D11D80800C015F4 /* BoardCell.swift in Sources */,
				749BAFBA2D16FCAB00C015F4 /* MediaAudioPlayer.swift in Sources */,
				742E001B2CFF9C3500DE61C9 /* DocumentsVC.swift in Sources */,
				749BAF6D2D1182C900C015F4 /* DocumentsRouter.swift in Sources */,
				749BAF852D12CB2800C015F4 /* GalleryModel.swift in Sources */,
				749BAF6B2D1182C000C015F4 /* DocumentsPresenter.swift in Sources */,
				7401C7162D08C6260048A2B2 /* DbRequests.swift in Sources */,
				749BAF912D13769000C015F4 /* SettingsPresenter.swift in Sources */,
				742E00172CFF9C1E00DE61C9 /* ChatsVC.swift in Sources */,
				749BAF8D2D13445200C015F4 /* CustomSearch.swift in Sources */,
				742E003E2CFFAEB000DE61C9 /* TopElement.swift in Sources */,
				742E00152CFF9A9500DE61C9 /* LocFunc.swift in Sources */,
				7401C7702D08FBFC0048A2B2 /* DateFormater.swift in Sources */,
				7401C76E2D08F2ED0048A2B2 /* DialogueVC.swift in Sources */,
				7401C7192D08D6730048A2B2 /* DialogueList.xcdatamodeld in Sources */,
				749BAF9A2D1398FB00C015F4 /* DocsSoloVC.swift in Sources */,
				7401C70A2D08BE920048A2B2 /* ChatListCell.swift in Sources */,
				747A0B242D10398F0049F8B7 /* ChatMediaVC.swift in Sources */,
				742E00362CFF9CF300DE61C9 /* ExtFont.swift in Sources */,
				749BAFAF2D15BD3C00C015F4 /* FullScreenVideo.swift in Sources */,
				749BAF762D11D59E00C015F4 /* PageView.swift in Sources */,
				742EFFCC2CFF958800DE61C9 /* SceneDelegate.swift in Sources */,
				7401C77D2D09DA4E0048A2B2 /* GalleryPresenter.swift in Sources */,
				7462F76E2D18B2C8006ADF8D /* CustomTabBarItem.swift in Sources */,
				749BAF6F2D11D0E000C015F4 /* OnboardingVC.swift in Sources */,
				7448BF3B2D072E770037350B /* LockTab.swift in Sources */,
				7401C7002D087E980048A2B2 /* NoContentView.swift in Sources */,
				7401C7032D0886FA0048A2B2 /* ChatsPresenter.swift in Sources */,
				747A0B282D103B150049F8B7 /* UniversalFormatView.swift in Sources */,
				742E00192CFF9C2900DE61C9 /* GalleryVC.swift in Sources */,
				7462F7712D18B337006ADF8D /* ExtTabBar.swift in Sources */,
				742E00462CFFBDA500DE61C9 /* ChatsRouter.swift in Sources */,
				7401C76B2D08EEA30048A2B2 /* ExtView.swift in Sources */,
				749BAFA72D14450200C015F4 /* NoReachView.swift in Sources */,
				742E004A2CFFC10000DE61C9 /* LoaderView.swift in Sources */,
				749BAF712D11D40A00C015F4 /* OnboardingModel.swift in Sources */,
				7401C7752D09BDD00048A2B2 /* MessageCell.swift in Sources */,
				7401C70E2D08C0950048A2B2 /* Model.swift in Sources */,
				749BAF892D12F6E000C015F4 /* SettingsRouter.swift in Sources */,
				742E00382CFFA00300DE61C9 /* Coordiantor.swift in Sources */,
				749BAFAD2D14A4BA00C015F4 /* BottomBarView.swift in Sources */,
				7401C7732D09BD110048A2B2 /* DialogueCollection.swift in Sources */,
				747A0B262D103A150049F8B7 /* ChatMediaCell.swift in Sources */,
				749BAF7F2D12236F00C015F4 /* MediaCell.swift in Sources */,
				7401C70C2D08BEC80048A2B2 /* ExtCell.swift in Sources */,
				749BAF982D137DBC00C015F4 /* DocsCollectionCell.swift in Sources */,
				749BAF8B2D12FDDD00C015F4 /* GuideScreen.swift in Sources */,
				749BAFA22D1439B800C015F4 /* GoogleDriveAPI.swift in Sources */,
				749BAF832D12CB1800C015F4 /* DocumentsModel.swift in Sources */,
				7401C7662D08DFEE0048A2B2 /* Message+CoreDataClass.swift in Sources */,
				7462F75F2D185C89006ADF8D /* ExtDeviceType.swift in Sources */,
				749BAF872D12CEE600C015F4 /* MediaView.swift in Sources */,
				7401C7772D09C59E0048A2B2 /* MessageView.swift in Sources */,
				7401C7672D08DFEE0048A2B2 /* Message+CoreDataProperties.swift in Sources */,
				7401C7682D08DFEE0048A2B2 /* Dialogue+CoreDataClass.swift in Sources */,
				7401C7692D08DFEE0048A2B2 /* Dialogue+CoreDataProperties.swift in Sources */,
				742E000B2CFF994800DE61C9 /* ExtViewCreator.swift in Sources */,
				749BAFA92D1447A100C015F4 /* InternetChecker.swift in Sources */,
				7448BF392D071D500037350B /* LockView.swift in Sources */,
			);
			runOnlyForDeploymentPostprocessing = 0;
		};
		742EFFD82CFF958900DE61C9 /* Sources */ = {
			isa = PBXSourcesBuildPhase;
			buildActionMask = 2147483647;
			files = (
			);
			runOnlyForDeploymentPostprocessing = 0;
		};
		742EFFE22CFF958900DE61C9 /* Sources */ = {
			isa = PBXSourcesBuildPhase;
			buildActionMask = 2147483647;
			files = (
			);
			runOnlyForDeploymentPostprocessing = 0;
		};
/* End PBXSourcesBuildPhase section */

/* Begin PBXTargetDependency section */
		742EFFDE2CFF958900DE61C9 /* PBXTargetDependency */ = {
			isa = PBXTargetDependency;
			target = 742EFFC52CFF958800DE61C9 /* WhatsAppBackUo */;
			targetProxy = 742EFFDD2CFF958900DE61C9 /* PBXContainerItemProxy */;
		};
		742EFFE82CFF958900DE61C9 /* PBXTargetDependency */ = {
			isa = PBXTargetDependency;
			target = 742EFFC52CFF958800DE61C9 /* WhatsAppBackUo */;
			targetProxy = 742EFFE72CFF958900DE61C9 /* PBXContainerItemProxy */;
		};
/* End PBXTargetDependency section */

/* Begin PBXVariantGroup section */
		742EFFD42CFF958900DE61C9 /* LaunchScreen.storyboard */ = {
			isa = PBXVariantGroup;
			children = (
				742EFFD52CFF958900DE61C9 /* Base */,
			);
			name = LaunchScreen.storyboard;
			sourceTree = "<group>";
		};
		749BAF722D11D47D00C015F4 /* Localizable.strings */ = {
			isa = PBXVariantGroup;
			children = (
				749BAF732D11D47D00C015F4 /* en */,
			);
			name = Localizable.strings;
			sourceTree = "<group>";
		};
/* End PBXVariantGroup section */

/* Begin XCBuildConfiguration section */
		742EFFEE2CFF958900DE61C9 /* Debug */ = {
			isa = XCBuildConfiguration;
			buildSettings = {
				ALWAYS_SEARCH_USER_PATHS = NO;
				ASSETCATALOG_COMPILER_GENERATE_SWIFT_ASSET_SYMBOL_EXTENSIONS = YES;
				CLANG_ANALYZER_NONNULL = YES;
				CLANG_ANALYZER_NUMBER_OBJECT_CONVERSION = YES_AGGRESSIVE;
				CLANG_CXX_LANGUAGE_STANDARD = "gnu++20";
				CLANG_ENABLE_MODULES = YES;
				CLANG_ENABLE_OBJC_ARC = YES;
				CLANG_ENABLE_OBJC_WEAK = YES;
				CLANG_WARN_BLOCK_CAPTURE_AUTORELEASING = YES;
				CLANG_WARN_BOOL_CONVERSION = YES;
				CLANG_WARN_COMMA = YES;
				CLANG_WARN_CONSTANT_CONVERSION = YES;
				CLANG_WARN_DEPRECATED_OBJC_IMPLEMENTATIONS = YES;
				CLANG_WARN_DIRECT_OBJC_ISA_USAGE = YES_ERROR;
				CLANG_WARN_DOCUMENTATION_COMMENTS = YES;
				CLANG_WARN_EMPTY_BODY = YES;
				CLANG_WARN_ENUM_CONVERSION = YES;
				CLANG_WARN_INFINITE_RECURSION = YES;
				CLANG_WARN_INT_CONVERSION = YES;
				CLANG_WARN_NON_LITERAL_NULL_CONVERSION = YES;
				CLANG_WARN_OBJC_IMPLICIT_RETAIN_SELF = YES;
				CLANG_WARN_OBJC_LITERAL_CONVERSION = YES;
				CLANG_WARN_OBJC_ROOT_CLASS = YES_ERROR;
				CLANG_WARN_QUOTED_INCLUDE_IN_FRAMEWORK_HEADER = YES;
				CLANG_WARN_RANGE_LOOP_ANALYSIS = YES;
				CLANG_WARN_STRICT_PROTOTYPES = YES;
				CLANG_WARN_SUSPICIOUS_MOVE = YES;
				CLANG_WARN_UNGUARDED_AVAILABILITY = YES_AGGRESSIVE;
				CLANG_WARN_UNREACHABLE_CODE = YES;
				CLANG_WARN__DUPLICATE_METHOD_MATCH = YES;
				COPY_PHASE_STRIP = NO;
				DEBUG_INFORMATION_FORMAT = dwarf;
				ENABLE_STRICT_OBJC_MSGSEND = YES;
				ENABLE_TESTABILITY = YES;
				ENABLE_USER_SCRIPT_SANDBOXING = YES;
				GCC_C_LANGUAGE_STANDARD = gnu17;
				GCC_DYNAMIC_NO_PIC = NO;
				GCC_NO_COMMON_BLOCKS = YES;
				GCC_OPTIMIZATION_LEVEL = 0;
				GCC_PREPROCESSOR_DEFINITIONS = (
					"DEBUG=1",
					"$(inherited)",
				);
				GCC_WARN_64_TO_32_BIT_CONVERSION = YES;
				GCC_WARN_ABOUT_RETURN_TYPE = YES_ERROR;
				GCC_WARN_UNDECLARED_SELECTOR = YES;
				GCC_WARN_UNINITIALIZED_AUTOS = YES_AGGRESSIVE;
				GCC_WARN_UNUSED_FUNCTION = YES;
				GCC_WARN_UNUSED_VARIABLE = YES;
				IPHONEOS_DEPLOYMENT_TARGET = 15.0;
				LOCALIZATION_PREFERS_STRING_CATALOGS = YES;
				MTL_ENABLE_DEBUG_INFO = INCLUDE_SOURCE;
				MTL_FAST_MATH = YES;
				ONLY_ACTIVE_ARCH = YES;
				SDKROOT = iphoneos;
				SWIFT_ACTIVE_COMPILATION_CONDITIONS = "DEBUG $(inherited)";
				SWIFT_OPTIMIZATION_LEVEL = "-Onone";
			};
			name = Debug;
		};
		742EFFEF2CFF958900DE61C9 /* Release */ = {
			isa = XCBuildConfiguration;
			buildSettings = {
				ALWAYS_SEARCH_USER_PATHS = NO;
				ASSETCATALOG_COMPILER_GENERATE_SWIFT_ASSET_SYMBOL_EXTENSIONS = YES;
				CLANG_ANALYZER_NONNULL = YES;
				CLANG_ANALYZER_NUMBER_OBJECT_CONVERSION = YES_AGGRESSIVE;
				CLANG_CXX_LANGUAGE_STANDARD = "gnu++20";
				CLANG_ENABLE_MODULES = YES;
				CLANG_ENABLE_OBJC_ARC = YES;
				CLANG_ENABLE_OBJC_WEAK = YES;
				CLANG_WARN_BLOCK_CAPTURE_AUTORELEASING = YES;
				CLANG_WARN_BOOL_CONVERSION = YES;
				CLANG_WARN_COMMA = YES;
				CLANG_WARN_CONSTANT_CONVERSION = YES;
				CLANG_WARN_DEPRECATED_OBJC_IMPLEMENTATIONS = YES;
				CLANG_WARN_DIRECT_OBJC_ISA_USAGE = YES_ERROR;
				CLANG_WARN_DOCUMENTATION_COMMENTS = YES;
				CLANG_WARN_EMPTY_BODY = YES;
				CLANG_WARN_ENUM_CONVERSION = YES;
				CLANG_WARN_INFINITE_RECURSION = YES;
				CLANG_WARN_INT_CONVERSION = YES;
				CLANG_WARN_NON_LITERAL_NULL_CONVERSION = YES;
				CLANG_WARN_OBJC_IMPLICIT_RETAIN_SELF = YES;
				CLANG_WARN_OBJC_LITERAL_CONVERSION = YES;
				CLANG_WARN_OBJC_ROOT_CLASS = YES_ERROR;
				CLANG_WARN_QUOTED_INCLUDE_IN_FRAMEWORK_HEADER = YES;
				CLANG_WARN_RANGE_LOOP_ANALYSIS = YES;
				CLANG_WARN_STRICT_PROTOTYPES = YES;
				CLANG_WARN_SUSPICIOUS_MOVE = YES;
				CLANG_WARN_UNGUARDED_AVAILABILITY = YES_AGGRESSIVE;
				CLANG_WARN_UNREACHABLE_CODE = YES;
				CLANG_WARN__DUPLICATE_METHOD_MATCH = YES;
				COPY_PHASE_STRIP = NO;
				DEBUG_INFORMATION_FORMAT = "dwarf-with-dsym";
				ENABLE_NS_ASSERTIONS = NO;
				ENABLE_STRICT_OBJC_MSGSEND = YES;
				ENABLE_USER_SCRIPT_SANDBOXING = YES;
				GCC_C_LANGUAGE_STANDARD = gnu17;
				GCC_NO_COMMON_BLOCKS = YES;
				GCC_WARN_64_TO_32_BIT_CONVERSION = YES;
				GCC_WARN_ABOUT_RETURN_TYPE = YES_ERROR;
				GCC_WARN_UNDECLARED_SELECTOR = YES;
				GCC_WARN_UNINITIALIZED_AUTOS = YES_AGGRESSIVE;
				GCC_WARN_UNUSED_FUNCTION = YES;
				GCC_WARN_UNUSED_VARIABLE = YES;
				IPHONEOS_DEPLOYMENT_TARGET = 15.0;
				LOCALIZATION_PREFERS_STRING_CATALOGS = YES;
				MTL_ENABLE_DEBUG_INFO = NO;
				MTL_FAST_MATH = YES;
				SDKROOT = iphoneos;
				SWIFT_COMPILATION_MODE = wholemodule;
				VALIDATE_PRODUCT = YES;
			};
			name = Release;
		};
		742EFFF12CFF958900DE61C9 /* Debug */ = {
			isa = XCBuildConfiguration;
			baseConfigurationReference = C0B747A22F15612EC4984030 /* Pods-WhatsAppBackUo.debug.xcconfig */;
			buildSettings = {
				ASSETCATALOG_COMPILER_APPICON_NAME = AppIcon;
				ASSETCATALOG_COMPILER_GLOBAL_ACCENT_COLOR_NAME = AccentColor;
				CODE_SIGN_STYLE = Automatic;
				CURRENT_PROJECT_VERSION = 1;
				DEVELOPMENT_TEAM = 6MG5Q4MJ5Q;
				GENERATE_INFOPLIST_FILE = YES;
				INFOPLIST_FILE = WhatsAppBackUo/Resources/Info.plist;
				INFOPLIST_KEY_UIApplicationSupportsIndirectInputEvents = YES;
				INFOPLIST_KEY_UILaunchStoryboardName = LaunchScreen;
				INFOPLIST_KEY_UISupportedInterfaceOrientations_iPad = "UIInterfaceOrientationPortrait UIInterfaceOrientationPortraitUpsideDown UIInterfaceOrientationLandscapeLeft UIInterfaceOrientationLandscapeRight";
				INFOPLIST_KEY_UISupportedInterfaceOrientations_iPhone = "UIInterfaceOrientationPortrait UIInterfaceOrientationLandscapeLeft UIInterfaceOrientationLandscapeRight";
				IPHONEOS_DEPLOYMENT_TARGET = 15.0;
				LD_RUNPATH_SEARCH_PATHS = (
					"$(inherited)",
					"@executable_path/Frameworks",
				);
				MARKETING_VERSION = 1.0;
				PRODUCT_BUNDLE_IDENTIFIER = losbsu50.WhatsAppBackUo;
				PRODUCT_NAME = "$(TARGET_NAME)";
				SWIFT_EMIT_LOC_STRINGS = YES;
				SWIFT_VERSION = 5.0;
				TARGETED_DEVICE_FAMILY = "1,2";
			};
			name = Debug;
		};
		742EFFF22CFF958900DE61C9 /* Release */ = {
			isa = XCBuildConfiguration;
			baseConfigurationReference = 5632B2DB2478C765F978BD64 /* Pods-WhatsAppBackUo.release.xcconfig */;
			buildSettings = {
				ASSETCATALOG_COMPILER_APPICON_NAME = AppIcon;
				ASSETCATALOG_COMPILER_GLOBAL_ACCENT_COLOR_NAME = AccentColor;
				CODE_SIGN_STYLE = Automatic;
				CURRENT_PROJECT_VERSION = 1;
				DEVELOPMENT_TEAM = 6MG5Q4MJ5Q;
				GENERATE_INFOPLIST_FILE = YES;
				INFOPLIST_FILE = WhatsAppBackUo/Resources/Info.plist;
				INFOPLIST_KEY_UIApplicationSupportsIndirectInputEvents = YES;
				INFOPLIST_KEY_UILaunchStoryboardName = LaunchScreen;
				INFOPLIST_KEY_UISupportedInterfaceOrientations_iPad = "UIInterfaceOrientationPortrait UIInterfaceOrientationPortraitUpsideDown UIInterfaceOrientationLandscapeLeft UIInterfaceOrientationLandscapeRight";
				INFOPLIST_KEY_UISupportedInterfaceOrientations_iPhone = "UIInterfaceOrientationPortrait UIInterfaceOrientationLandscapeLeft UIInterfaceOrientationLandscapeRight";
				IPHONEOS_DEPLOYMENT_TARGET = 15.0;
				LD_RUNPATH_SEARCH_PATHS = (
					"$(inherited)",
					"@executable_path/Frameworks",
				);
				MARKETING_VERSION = 1.0;
				PRODUCT_BUNDLE_IDENTIFIER = losbsu50.WhatsAppBackUo;
				PRODUCT_NAME = "$(TARGET_NAME)";
				SWIFT_EMIT_LOC_STRINGS = YES;
				SWIFT_VERSION = 5.0;
				TARGETED_DEVICE_FAMILY = "1,2";
			};
			name = Release;
		};
		742EFFF42CFF958900DE61C9 /* Debug */ = {
			isa = XCBuildConfiguration;
			baseConfigurationReference = 3BA5C8F1E34C3FD6D3CD53D0 /* Pods-WhatsAppBackUoTests.debug.xcconfig */;
			buildSettings = {
				ALWAYS_EMBED_SWIFT_STANDARD_LIBRARIES = YES;
				BUNDLE_LOADER = "$(TEST_HOST)";
				CODE_SIGN_STYLE = Automatic;
				CURRENT_PROJECT_VERSION = 1;
				DEVELOPMENT_TEAM = 6MG5Q4MJ5Q;
				GENERATE_INFOPLIST_FILE = YES;
				IPHONEOS_DEPLOYMENT_TARGET = 15.0;
				MARKETING_VERSION = 1.0;
				PRODUCT_BUNDLE_IDENTIFIER = losbsu50.WhatsAppBackUoTests;
				PRODUCT_NAME = "$(TARGET_NAME)";
				SWIFT_EMIT_LOC_STRINGS = NO;
				SWIFT_VERSION = 5.0;
				TARGETED_DEVICE_FAMILY = "1,2";
				TEST_HOST = "$(BUILT_PRODUCTS_DIR)/WhatsAppBackUo.app/$(BUNDLE_EXECUTABLE_FOLDER_PATH)/WhatsAppBackUo";
			};
			name = Debug;
		};
		742EFFF52CFF958900DE61C9 /* Release */ = {
			isa = XCBuildConfiguration;
			baseConfigurationReference = F77021DD3CF7F45E0B666D82 /* Pods-WhatsAppBackUoTests.release.xcconfig */;
			buildSettings = {
				ALWAYS_EMBED_SWIFT_STANDARD_LIBRARIES = YES;
				BUNDLE_LOADER = "$(TEST_HOST)";
				CODE_SIGN_STYLE = Automatic;
				CURRENT_PROJECT_VERSION = 1;
				DEVELOPMENT_TEAM = 6MG5Q4MJ5Q;
				GENERATE_INFOPLIST_FILE = YES;
				IPHONEOS_DEPLOYMENT_TARGET = 15.0;
				MARKETING_VERSION = 1.0;
				PRODUCT_BUNDLE_IDENTIFIER = losbsu50.WhatsAppBackUoTests;
				PRODUCT_NAME = "$(TARGET_NAME)";
				SWIFT_EMIT_LOC_STRINGS = NO;
				SWIFT_VERSION = 5.0;
				TARGETED_DEVICE_FAMILY = "1,2";
				TEST_HOST = "$(BUILT_PRODUCTS_DIR)/WhatsAppBackUo.app/$(BUNDLE_EXECUTABLE_FOLDER_PATH)/WhatsAppBackUo";
			};
			name = Release;
		};
		742EFFF72CFF958900DE61C9 /* Debug */ = {
			isa = XCBuildConfiguration;
			baseConfigurationReference = B2D122F6CF0B3AB77654E0A1 /* Pods-WhatsAppBackUo-WhatsAppBackUoUITests.debug.xcconfig */;
			buildSettings = {
				ALWAYS_EMBED_SWIFT_STANDARD_LIBRARIES = YES;
				CODE_SIGN_STYLE = Automatic;
				CURRENT_PROJECT_VERSION = 1;
				DEVELOPMENT_TEAM = 6MG5Q4MJ5Q;
				GENERATE_INFOPLIST_FILE = YES;
				IPHONEOS_DEPLOYMENT_TARGET = 15.0;
				MARKETING_VERSION = 1.0;
				PRODUCT_BUNDLE_IDENTIFIER = losbsu50.WhatsAppBackUoUITests;
				PRODUCT_NAME = "$(TARGET_NAME)";
				SWIFT_EMIT_LOC_STRINGS = NO;
				SWIFT_VERSION = 5.0;
				TARGETED_DEVICE_FAMILY = "1,2";
				TEST_TARGET_NAME = WhatsAppBackUo;
			};
			name = Debug;
		};
		742EFFF82CFF958900DE61C9 /* Release */ = {
			isa = XCBuildConfiguration;
			baseConfigurationReference = 038E2E8FFE74AD311D686AAA /* Pods-WhatsAppBackUo-WhatsAppBackUoUITests.release.xcconfig */;
			buildSettings = {
				ALWAYS_EMBED_SWIFT_STANDARD_LIBRARIES = YES;
				CODE_SIGN_STYLE = Automatic;
				CURRENT_PROJECT_VERSION = 1;
				DEVELOPMENT_TEAM = 6MG5Q4MJ5Q;
				GENERATE_INFOPLIST_FILE = YES;
				IPHONEOS_DEPLOYMENT_TARGET = 15.0;
				MARKETING_VERSION = 1.0;
				PRODUCT_BUNDLE_IDENTIFIER = losbsu50.WhatsAppBackUoUITests;
				PRODUCT_NAME = "$(TARGET_NAME)";
				SWIFT_EMIT_LOC_STRINGS = NO;
				SWIFT_VERSION = 5.0;
				TARGETED_DEVICE_FAMILY = "1,2";
				TEST_TARGET_NAME = WhatsAppBackUo;
			};
			name = Release;
		};
/* End XCBuildConfiguration section */

/* Begin XCConfigurationList section */
		742EFFC12CFF958800DE61C9 /* Build configuration list for PBXProject "WhatsAppBackUo" */ = {
			isa = XCConfigurationList;
			buildConfigurations = (
				742EFFEE2CFF958900DE61C9 /* Debug */,
				742EFFEF2CFF958900DE61C9 /* Release */,
			);
			defaultConfigurationIsVisible = 0;
			defaultConfigurationName = Release;
		};
		742EFFF02CFF958900DE61C9 /* Build configuration list for PBXNativeTarget "WhatsAppBackUo" */ = {
			isa = XCConfigurationList;
			buildConfigurations = (
				742EFFF12CFF958900DE61C9 /* Debug */,
				742EFFF22CFF958900DE61C9 /* Release */,
			);
			defaultConfigurationIsVisible = 0;
			defaultConfigurationName = Release;
		};
		742EFFF32CFF958900DE61C9 /* Build configuration list for PBXNativeTarget "WhatsAppBackUoTests" */ = {
			isa = XCConfigurationList;
			buildConfigurations = (
				742EFFF42CFF958900DE61C9 /* Debug */,
				742EFFF52CFF958900DE61C9 /* Release */,
			);
			defaultConfigurationIsVisible = 0;
			defaultConfigurationName = Release;
		};
		742EFFF62CFF958900DE61C9 /* Build configuration list for PBXNativeTarget "WhatsAppBackUoUITests" */ = {
			isa = XCConfigurationList;
			buildConfigurations = (
				742EFFF72CFF958900DE61C9 /* Debug */,
				742EFFF82CFF958900DE61C9 /* Release */,
			);
			defaultConfigurationIsVisible = 0;
			defaultConfigurationName = Release;
		};
/* End XCConfigurationList section */

/* Begin XCRemoteSwiftPackageReference section */
		7462F7282D174714006ADF8D /* XCRemoteSwiftPackageReference "SnapKit" */ = {
			isa = XCRemoteSwiftPackageReference;
			repositoryURL = "https://github.com/SnapKit/SnapKit";
			requirement = {
				kind = upToNextMajorVersion;
				minimumVersion = 5.7.1;
			};
		};
		7462F72B2D174731006ADF8D /* XCRemoteSwiftPackageReference "ZIPFoundation" */ = {
			isa = XCRemoteSwiftPackageReference;
			repositoryURL = "https://github.com/weichsel/ZIPFoundation";
			requirement = {
				kind = upToNextMajorVersion;
				minimumVersion = 0.9.19;
			};
		};
/* End XCRemoteSwiftPackageReference section */

/* Begin XCSwiftPackageProductDependency section */
		7462F7292D174715006ADF8D /* SnapKit */ = {
			isa = XCSwiftPackageProductDependency;
			package = 7462F7282D174714006ADF8D /* XCRemoteSwiftPackageReference "SnapKit" */;
			productName = SnapKit;
		};
		7462F72C2D174731006ADF8D /* ZIPFoundation */ = {
			isa = XCSwiftPackageProductDependency;
			package = 7462F72B2D174731006ADF8D /* XCRemoteSwiftPackageReference "ZIPFoundation" */;
			productName = ZIPFoundation;
		};
/* End XCSwiftPackageProductDependency section */

/* Begin XCVersionGroup section */
		7401C7172D08D6730048A2B2 /* DialogueList.xcdatamodeld */ = {
			isa = XCVersionGroup;
			children = (
				7401C7182D08D6730048A2B2 /* Dialogue.xcdatamodel */,
			);
			currentVersion = 7401C7182D08D6730048A2B2 /* Dialogue.xcdatamodel */;
			path = DialogueList.xcdatamodeld;
			sourceTree = "<group>";
			versionGroupType = wrapper.xcdatamodel;
		};
/* End XCVersionGroup section */
	};
	rootObject = 742EFFBE2CFF958800DE61C9 /* Project object */;
}
